
Microsoft Visual Studio Solution File, Format Version 12.00
# Visual Studio 2013
VisualStudioVersion = 12.0.21005.1
MinimumVisualStudioVersion = 10.0.40219.1
Project("{8BC9CEB8-8B4A-11D0-8D11-00A0C91BC942}") = "KmsLib", "KmsLib\KmsLib.vcxproj", "{08D0977C-7912-4A9E-9937-CC0AF78956A7}"
EndProject
Project("{2150E333-8FDC-42A3-9474-1A3956D46DE8}") = "Common", "Common", "{38892F6F-7CC9-480A-9DF7-D0BC716F9B62}"
	ProjectSection(SolutionItems) = preProject
		Common\Version.h = Common\Version.h
	EndProjectSection
EndProject
Project("{2150E333-8FDC-42A3-9474-1A3956D46DE8}") = "Includes", "Includes", "{980DE536-B130-41B8-A65B-F1DEDC466C43}"
	ProjectSection(SolutionItems) = preProject
		Includes\KmsBase.h = Includes\KmsBase.h
		Includes\KmsTest.h = Includes\KmsTest.h
		Includes\Ring.h = Includes\Ring.h
		Includes\SafeAPI.h = Includes\SafeAPI.h
		Includes\WindowsToLinux.h = Includes\WindowsToLinux.h
	EndProjectSection
EndProject
Project("{2150E333-8FDC-42A3-9474-1A3956D46DE8}") = "KmsLib", "KmsLib", "{EE152025-CE8B-4099-89C4-C60CC1B7797C}"
	ProjectSection(SolutionItems) = preProject
		Includes\KmsLib\CmdLineParser.h = Includes\KmsLib\CmdLineParser.h
		Includes\KmsLib\DebugLog.h = Includes\KmsLib\DebugLog.h
		Includes\KmsLib\Dump.h = Includes\KmsLib\Dump.h
		Includes\KmsLib\Exception.h = Includes\KmsLib\Exception.h
		Includes\KmsLib\IgnoreList.h = Includes\KmsLib\IgnoreList.h
		Includes\KmsLib\KmsLib.h = Includes\KmsLib\KmsLib.h
		Includes\KmsLib\MemTester.h = Includes\KmsLib\MemTester.h
		Includes\KmsLib\NetworkAddress.h = Includes\KmsLib\NetworkAddress.h
		Includes\KmsLib\RLE.h = Includes\KmsLib\RLE.h
		Includes\KmsLib\Socket.h = Includes\KmsLib\Socket.h
		Includes\KmsLib\ToolBase.h = Includes\KmsLib\ToolBase.h
		Includes\KmsLib\Walker.h = Includes\KmsLib\Walker.h
		Includes\KmsLib\Walker_Smart.h = Includes\KmsLib\Walker_Smart.h
	EndProjectSection
EndProject
Project("{2150E333-8FDC-42A3-9474-1A3956D46DE8}") = "Windows", "Windows", "{EB8648E4-E353-45CF-982E-02296B919104}"
	ProjectSection(SolutionItems) = preProject
		Includes\KmsLib\Windows\ComPortHandle.h = Includes\KmsLib\Windows\ComPortHandle.h
		Includes\KmsLib\Windows\DriverHandle.h = Includes\KmsLib\Windows\DriverHandle.h
		Includes\KmsLib\Windows\FileHandle.h = Includes\KmsLib\Windows\FileHandle.h
		Includes\KmsLib\Windows\RegistryKey.h = Includes\KmsLib\Windows\RegistryKey.h
		Includes\KmsLib\Windows\Service.h = Includes\KmsLib\Windows\Service.h
		Includes\KmsLib\Windows\SystemLog.h = Includes\KmsLib\Windows\SystemLog.h
		Includes\KmsLib\Windows\Windows.h = Includes\KmsLib\Windows\Windows.h
	EndProjectSection
EndProject
Project("{2150E333-8FDC-42A3-9474-1A3956D46DE8}") = "_DocDev", "_DocDev", "{00EEE413-B9A0-44E8-9AE8-8FD3EAC01E7D}"
	ProjectSection(SolutionItems) = preProject
		_DocDev\.gitignore = _DocDev\.gitignore
		_DocDev\Requirements.txt = _DocDev\Requirements.txt
	EndProjectSection
EndProject
Project("{2150E333-8FDC-42A3-9474-1A3956D46DE8}") = "Procedures", "Procedures", "{EA71243B-5549-4F76-9D8B-547E36BE8BB4}"
	ProjectSection(SolutionItems) = preProject
		_DocDev\Procedures\Build.txt = _DocDev\Procedures\Build.txt
		_DocDev\Procedures\CreatePublicPackage.txt = _DocDev\Procedures\CreatePublicPackage.txt
		_DocDev\Procedures\PrepDevComputer_Linux.txt = _DocDev\Procedures\PrepDevComputer_Linux.txt
		_DocDev\Procedures\PrepDevComputer_Windows.txt = _DocDev\Procedures\PrepDevComputer_Windows.txt
	EndProjectSection
EndProject
Project("{2150E333-8FDC-42A3-9474-1A3956D46DE8}") = "Scripts", "Scripts", "{F88CC9DD-1927-455C-96C7-834931B958F9}"
	ProjectSection(SolutionItems) = preProject
		Scripts\Install.cmd = Scripts\Install.cmd
		Scripts\Install.cmd.txt = Scripts\Install.cmd.txt
		Scripts\Install.sh = Scripts\Install.sh
		Scripts\Verify.cmd = Scripts\Verify.cmd
	EndProjectSection
EndProject
Project("{2150E333-8FDC-42A3-9474-1A3956D46DE8}") = "Solution Items", "Solution Items", "{EDCA233C-71A7-4C3E-9F35-105EA6BCE7CF}"
	ProjectSection(SolutionItems) = preProject
		.gitignore = .gitignore
		DoxyFile_en.txt = DoxyFile_en.txt
		DoxyFile_fr.txt = DoxyFile_fr.txt
		Export.cmd = Export.cmd
		Export.cmd.txt = Export.cmd.txt
		ExportSources.sh = ExportSources.sh
		ForEachConfig_DLL.cmd = ForEachConfig_DLL.cmd
		ForEachConfig_NoDLL.cmd = ForEachConfig_NoDLL.cmd
		RunDoxygen.cmd = RunDoxygen.cmd
		Test.cmd = Test.cmd
		Test.sh = Test.sh
		Test_Setup.cmd = Test_Setup.cmd
	EndProjectSection
EndProject
Project("{8BC9CEB8-8B4A-11D0-8D11-00A0C91BC942}") = "KmsLib_Test", "KmsLib_Test\KmsLib_Test.vcxproj", "{E7A45A2C-BD9F-4BAB-83DE-0BDBA896FE64}"
	ProjectSection(ProjectDependencies) = postProject
		{195EC26E-8CB6-4654-A00E-FC084D9691A9} = {195EC26E-8CB6-4654-A00E-FC084D9691A9}
		{08D0977C-7912-4A9E-9937-CC0AF78956A7} = {08D0977C-7912-4A9E-9937-CC0AF78956A7}
	EndProjectSection
EndProject
Project("{2150E333-8FDC-42A3-9474-1A3956D46DE8}") = "Templates", "Templates", "{17C49143-B3BF-492F-AA07-D08EBEE3756D}"
EndProject
Project("{8BC9CEB8-8B4A-11D0-8D11-00A0C91BC942}") = "Driver_KMDF", "Templates\Driver_KMDF\Driver_KMDF.vcxproj", "{7B7BA55F-7F9E-4FE1-B0E3-E3AAB044E08F}"
EndProject
Project("{2150E333-8FDC-42A3-9474-1A3956D46DE8}") = "Solution", "Solution", "{41514692-FD16-4D5E-9E69-522D6D404276}"
	ProjectSection(SolutionItems) = preProject
		Templates\Solution\.gitignore = Templates\Solution\.gitignore
		Templates\Solution\Export.cmd = Templates\Solution\Export.cmd
		Templates\Solution\ExportSources.sh = Templates\Solution\ExportSources.sh
		Templates\Solution\Test.cmd = Templates\Solution\Test.cmd
	EndProjectSection
EndProject
Project("{2150E333-8FDC-42A3-9474-1A3956D46DE8}") = "_DocUser", "_DocUser", "{B31575E3-402F-4B1D-B5C5-6DB9F028DB12}"
	ProjectSection(SolutionItems) = preProject
		Templates\Solution\_DocUser\Utiliser.txt = Templates\Solution\_DocUser\Utiliser.txt
	EndProjectSection
EndProject
Project("{8BC9CEB8-8B4A-11D0-8D11-00A0C91BC942}") = "Test", "Templates\Test\Test.vcxproj", "{6905EAFB-91CB-4CBC-BD00-EB7BF8F9386E}"
EndProject
Project("{8BC9CEB8-8B4A-11D0-8D11-00A0C91BC942}") = "Tool", "Templates\Tool\Tool.vcxproj", "{23A9F715-A58F-43E6-9EE1-D5DB2A54F017}"
EndProject
Project("{8BC9CEB8-8B4A-11D0-8D11-00A0C91BC942}") = "DLL", "Templates\DLL\DLL.vcxproj", "{81BED578-900A-47A0-9CBD-C7D07EBFF37C}"
EndProject
Project("{8BC9CEB8-8B4A-11D0-8D11-00A0C91BC942}") = "Dialog", "Templates\Dialog\Dialog.vcxproj", "{DD5E6A78-6F66-4DC8-B886-1DE03865D0E7}"
EndProject
Project("{2150E333-8FDC-42A3-9474-1A3956D46DE8}") = "Common", "Common", "{723C70DB-54E9-4DBA-BAFB-886F8454952D}"
	ProjectSection(SolutionItems) = preProject
		Templates\Solution\Common\Version.h = Templates\Solution\Common\Version.h
		Templates\Solution\Common\Version.rc = Templates\Solution\Common\Version.rc
	EndProjectSection
EndProject
Project("{2150E333-8FDC-42A3-9474-1A3956D46DE8}") = "KmsDriverLib", "KmsDriverLib", "{7D3197D4-C12C-4F8A-9F6C-9AE50A8BEE6C}"
	ProjectSection(SolutionItems) = preProject
		Includes\KmsDriverLib\Device.h = Includes\KmsDriverLib\Device.h
		Includes\KmsDriverLib\Device_PCI.h = Includes\KmsDriverLib\Device_PCI.h
		Includes\KmsDriverLib\File.h = Includes\KmsDriverLib\File.h
		Includes\KmsDriverLib\Object.h = Includes\KmsDriverLib\Object.h
	EndProjectSection
EndProject
Project("{8BC9CEB8-8B4A-11D0-8D11-00A0C91BC942}") = "Service", "Templates\Service\Service.vcxproj", "{195EC26E-8CB6-4654-A00E-FC084D9691A9}"
	ProjectSection(ProjectDependencies) = postProject
		{08D0977C-7912-4A9E-9937-CC0AF78956A7} = {08D0977C-7912-4A9E-9937-CC0AF78956A7}
	EndProjectSection
EndProject
Project("{2150E333-8FDC-42A3-9474-1A3956D46DE8}") = "OpenCL", "OpenCL", "{F49BE6B7-3A5C-4BB6-9ACA-537A91C8740C}"
	ProjectSection(SolutionItems) = preProject
		Includes\KmsLib\OpenCL\Buffer.h = Includes\KmsLib\OpenCL\Buffer.h
		Includes\KmsLib\OpenCL\CommandQueue.h = Includes\KmsLib\OpenCL\CommandQueue.h
		Includes\KmsLib\OpenCL\Context.h = Includes\KmsLib\OpenCL\Context.h
		Includes\KmsLib\OpenCL\Kernel.h = Includes\KmsLib\OpenCL\Kernel.h
		Includes\KmsLib\OpenCL\Program.h = Includes\KmsLib\OpenCL\Program.h
	EndProjectSection
EndProject
Project("{2150E333-8FDC-42A3-9474-1A3956D46DE8}") = "Linux", "Linux", "{3A99A792-0D5E-41AD-9EBA-3AFFC3CE6956}"
	ProjectSection(SolutionItems) = preProject
		Includes\KmsLib\Linux\Windows.h = Includes\KmsLib\Linux\Windows.h
	EndProjectSection
EndProject
Project("{8BC9CEB8-8B4A-11D0-8D11-00A0C91BC942}") = "DepCheck", "DepCheck\DepCheck.vcxproj", "{CCB592B8-1A0A-4FCD-AC9D-37EC64448BF8}"
EndProject
Project("{8BC9CEB8-8B4A-11D0-8D11-00A0C91BC942}") = "KmsCopy", "KmsCopy\KmsCopy.vcxproj", "{3917AFAC-2F19-4B3A-95A9-8A2C45CFBF14}"
EndProject
Project("{8BC9CEB8-8B4A-11D0-8D11-00A0C91BC942}") = "DepCheck_Net", "DepCheck_Net\DepCheck_Net.vcxproj", "{96E3FC78-F2C1-4367-BE12-4F88CFD2238B}"
EndProject
Project("{2150E333-8FDC-42A3-9474-1A3956D46DE8}") = "kms.base", "kms.base", "{782BD35A-DE78-4493-97E0-DA00FCF4567D}"
	ProjectSection(SolutionItems) = preProject
		kms.base\Install.cmd.txt = kms.base\Install.cmd.txt
		kms.base\kms.base.nuspec = kms.base\kms.base.nuspec
	EndProjectSection
EndProject
Project("{2150E333-8FDC-42A3-9474-1A3956D46DE8}") = "kms.base.internal", "kms.base.internal", "{33984715-5376-4B51-BB1A-FBCC9BA6CEEE}"
	ProjectSection(SolutionItems) = preProject
		kms.base.internal\kms.base.internal.nuspec = kms.base.internal\kms.base.internal.nuspec
	EndProjectSection
EndProject
Project("{2150E333-8FDC-42A3-9474-1A3956D46DE8}") = "tools", "tools", "{E55F4323-A895-451B-A07E-09892D2811B0}"
	ProjectSection(SolutionItems) = preProject
		kms.base.internal\tools\chocolateyinstall.ps1 = kms.base.internal\tools\chocolateyinstall.ps1
		kms.base.internal\tools\chocolateyuninstall.ps1 = kms.base.internal\tools\chocolateyuninstall.ps1
	EndProjectSection
EndProject
Global
	GlobalSection(SolutionConfigurationPlatforms) = preSolution
		Debug_DLL|Mixed Platforms = Debug_DLL|Mixed Platforms
		Debug_DLL|Win32 = Debug_DLL|Win32
		Debug_DLL|x64 = Debug_DLL|x64
		Debug|Mixed Platforms = Debug|Mixed Platforms
		Debug|Win32 = Debug|Win32
		Debug|x64 = Debug|x64
		Release_DLL|Mixed Platforms = Release_DLL|Mixed Platforms
		Release_DLL|Win32 = Release_DLL|Win32
		Release_DLL|x64 = Release_DLL|x64
		Release|Mixed Platforms = Release|Mixed Platforms
		Release|Win32 = Release|Win32
		Release|x64 = Release|x64
		Win7 Debug|Mixed Platforms = Win7 Debug|Mixed Platforms
		Win7 Debug|Win32 = Win7 Debug|Win32
		Win7 Debug|x64 = Win7 Debug|x64
		Win7 Release|Mixed Platforms = Win7 Release|Mixed Platforms
		Win7 Release|Win32 = Win7 Release|Win32
		Win7 Release|x64 = Win7 Release|x64
		Win8 Debug|Mixed Platforms = Win8 Debug|Mixed Platforms
		Win8 Debug|Win32 = Win8 Debug|Win32
		Win8 Debug|x64 = Win8 Debug|x64
		Win8 Release|Mixed Platforms = Win8 Release|Mixed Platforms
		Win8 Release|Win32 = Win8 Release|Win32
		Win8 Release|x64 = Win8 Release|x64
		Win8.1 Debug|Mixed Platforms = Win8.1 Debug|Mixed Platforms
		Win8.1 Debug|Win32 = Win8.1 Debug|Win32
		Win8.1 Debug|x64 = Win8.1 Debug|x64
		Win8.1 Release|Mixed Platforms = Win8.1 Release|Mixed Platforms
		Win8.1 Release|Win32 = Win8.1 Release|Win32
		Win8.1 Release|x64 = Win8.1 Release|x64
	EndGlobalSection
	GlobalSection(ProjectConfigurationPlatforms) = postSolution
		{08D0977C-7912-4A9E-9937-CC0AF78956A7}.Debug_DLL|Mixed Platforms.ActiveCfg = Debug_DLL|Win32
		{08D0977C-7912-4A9E-9937-CC0AF78956A7}.Debug_DLL|Mixed Platforms.Build.0 = Debug_DLL|Win32
		{08D0977C-7912-4A9E-9937-CC0AF78956A7}.Debug_DLL|Win32.ActiveCfg = Debug_DLL|Win32
		{08D0977C-7912-4A9E-9937-CC0AF78956A7}.Debug_DLL|Win32.Build.0 = Debug_DLL|Win32
		{08D0977C-7912-4A9E-9937-CC0AF78956A7}.Debug_DLL|x64.ActiveCfg = Debug_DLL|x64
		{08D0977C-7912-4A9E-9937-CC0AF78956A7}.Debug_DLL|x64.Build.0 = Debug_DLL|x64
		{08D0977C-7912-4A9E-9937-CC0AF78956A7}.Debug|Mixed Platforms.ActiveCfg = Debug|Win32
		{08D0977C-7912-4A9E-9937-CC0AF78956A7}.Debug|Mixed Platforms.Build.0 = Debug|Win32
		{08D0977C-7912-4A9E-9937-CC0AF78956A7}.Debug|Win32.ActiveCfg = Debug|Win32
		{08D0977C-7912-4A9E-9937-CC0AF78956A7}.Debug|Win32.Build.0 = Debug|Win32
		{08D0977C-7912-4A9E-9937-CC0AF78956A7}.Debug|x64.ActiveCfg = Debug|x64
		{08D0977C-7912-4A9E-9937-CC0AF78956A7}.Debug|x64.Build.0 = Debug|x64
		{08D0977C-7912-4A9E-9937-CC0AF78956A7}.Release_DLL|Mixed Platforms.ActiveCfg = Release_DLL|Win32
		{08D0977C-7912-4A9E-9937-CC0AF78956A7}.Release_DLL|Mixed Platforms.Build.0 = Release_DLL|Win32
		{08D0977C-7912-4A9E-9937-CC0AF78956A7}.Release_DLL|Win32.ActiveCfg = Release_DLL|Win32
		{08D0977C-7912-4A9E-9937-CC0AF78956A7}.Release_DLL|Win32.Build.0 = Release_DLL|Win32
		{08D0977C-7912-4A9E-9937-CC0AF78956A7}.Release_DLL|x64.ActiveCfg = Release_DLL|x64
		{08D0977C-7912-4A9E-9937-CC0AF78956A7}.Release_DLL|x64.Build.0 = Release_DLL|x64
		{08D0977C-7912-4A9E-9937-CC0AF78956A7}.Release|Mixed Platforms.ActiveCfg = Release|Win32
		{08D0977C-7912-4A9E-9937-CC0AF78956A7}.Release|Mixed Platforms.Build.0 = Release|Win32
		{08D0977C-7912-4A9E-9937-CC0AF78956A7}.Release|Win32.ActiveCfg = Release|Win32
		{08D0977C-7912-4A9E-9937-CC0AF78956A7}.Release|Win32.Build.0 = Release|Win32
		{08D0977C-7912-4A9E-9937-CC0AF78956A7}.Release|x64.ActiveCfg = Release|x64
		{08D0977C-7912-4A9E-9937-CC0AF78956A7}.Release|x64.Build.0 = Release|x64
		{08D0977C-7912-4A9E-9937-CC0AF78956A7}.Win7 Debug|Mixed Platforms.ActiveCfg = Debug|Win32
		{08D0977C-7912-4A9E-9937-CC0AF78956A7}.Win7 Debug|Mixed Platforms.Build.0 = Debug|Win32
		{08D0977C-7912-4A9E-9937-CC0AF78956A7}.Win7 Debug|Mixed Platforms.Deploy.0 = Debug|Win32
		{08D0977C-7912-4A9E-9937-CC0AF78956A7}.Win7 Debug|Win32.ActiveCfg = Debug|Win32
		{08D0977C-7912-4A9E-9937-CC0AF78956A7}.Win7 Debug|Win32.Deploy.0 = Debug|Win32
		{08D0977C-7912-4A9E-9937-CC0AF78956A7}.Win7 Debug|x64.ActiveCfg = Debug|x64
		{08D0977C-7912-4A9E-9937-CC0AF78956A7}.Win7 Debug|x64.Deploy.0 = Debug|x64
		{08D0977C-7912-4A9E-9937-CC0AF78956A7}.Win7 Release|Mixed Platforms.ActiveCfg = Release|Win32
		{08D0977C-7912-4A9E-9937-CC0AF78956A7}.Win7 Release|Mixed Platforms.Build.0 = Release|Win32
		{08D0977C-7912-4A9E-9937-CC0AF78956A7}.Win7 Release|Mixed Platforms.Deploy.0 = Release|Win32
		{08D0977C-7912-4A9E-9937-CC0AF78956A7}.Win7 Release|Win32.ActiveCfg = Release|Win32
		{08D0977C-7912-4A9E-9937-CC0AF78956A7}.Win7 Release|Win32.Deploy.0 = Release|Win32
		{08D0977C-7912-4A9E-9937-CC0AF78956A7}.Win7 Release|x64.ActiveCfg = Release|x64
		{08D0977C-7912-4A9E-9937-CC0AF78956A7}.Win7 Release|x64.Deploy.0 = Release|x64
		{08D0977C-7912-4A9E-9937-CC0AF78956A7}.Win8 Debug|Mixed Platforms.ActiveCfg = Debug|Win32
		{08D0977C-7912-4A9E-9937-CC0AF78956A7}.Win8 Debug|Mixed Platforms.Build.0 = Debug|Win32
		{08D0977C-7912-4A9E-9937-CC0AF78956A7}.Win8 Debug|Mixed Platforms.Deploy.0 = Debug|Win32
		{08D0977C-7912-4A9E-9937-CC0AF78956A7}.Win8 Debug|Win32.ActiveCfg = Debug|Win32
		{08D0977C-7912-4A9E-9937-CC0AF78956A7}.Win8 Debug|Win32.Deploy.0 = Debug|Win32
		{08D0977C-7912-4A9E-9937-CC0AF78956A7}.Win8 Debug|x64.ActiveCfg = Debug|x64
		{08D0977C-7912-4A9E-9937-CC0AF78956A7}.Win8 Debug|x64.Deploy.0 = Debug|x64
		{08D0977C-7912-4A9E-9937-CC0AF78956A7}.Win8 Release|Mixed Platforms.ActiveCfg = Release|Win32
		{08D0977C-7912-4A9E-9937-CC0AF78956A7}.Win8 Release|Mixed Platforms.Build.0 = Release|Win32
		{08D0977C-7912-4A9E-9937-CC0AF78956A7}.Win8 Release|Mixed Platforms.Deploy.0 = Release|Win32
		{08D0977C-7912-4A9E-9937-CC0AF78956A7}.Win8 Release|Win32.ActiveCfg = Release|Win32
		{08D0977C-7912-4A9E-9937-CC0AF78956A7}.Win8 Release|Win32.Deploy.0 = Release|Win32
		{08D0977C-7912-4A9E-9937-CC0AF78956A7}.Win8 Release|x64.ActiveCfg = Release|x64
		{08D0977C-7912-4A9E-9937-CC0AF78956A7}.Win8 Release|x64.Deploy.0 = Release|x64
		{08D0977C-7912-4A9E-9937-CC0AF78956A7}.Win8.1 Debug|Mixed Platforms.ActiveCfg = Debug|Win32
		{08D0977C-7912-4A9E-9937-CC0AF78956A7}.Win8.1 Debug|Mixed Platforms.Build.0 = Debug|Win32
		{08D0977C-7912-4A9E-9937-CC0AF78956A7}.Win8.1 Debug|Mixed Platforms.Deploy.0 = Debug|Win32
		{08D0977C-7912-4A9E-9937-CC0AF78956A7}.Win8.1 Debug|Win32.ActiveCfg = Debug|Win32
		{08D0977C-7912-4A9E-9937-CC0AF78956A7}.Win8.1 Debug|Win32.Deploy.0 = Debug|Win32
		{08D0977C-7912-4A9E-9937-CC0AF78956A7}.Win8.1 Debug|x64.ActiveCfg = Debug|x64
		{08D0977C-7912-4A9E-9937-CC0AF78956A7}.Win8.1 Debug|x64.Deploy.0 = Debug|x64
		{08D0977C-7912-4A9E-9937-CC0AF78956A7}.Win8.1 Release|Mixed Platforms.ActiveCfg = Release|Win32
		{08D0977C-7912-4A9E-9937-CC0AF78956A7}.Win8.1 Release|Mixed Platforms.Build.0 = Release|Win32
		{08D0977C-7912-4A9E-9937-CC0AF78956A7}.Win8.1 Release|Mixed Platforms.Deploy.0 = Release|Win32
		{08D0977C-7912-4A9E-9937-CC0AF78956A7}.Win8.1 Release|Win32.ActiveCfg = Release|Win32
		{08D0977C-7912-4A9E-9937-CC0AF78956A7}.Win8.1 Release|Win32.Deploy.0 = Release|Win32
		{08D0977C-7912-4A9E-9937-CC0AF78956A7}.Win8.1 Release|x64.ActiveCfg = Release|x64
		{08D0977C-7912-4A9E-9937-CC0AF78956A7}.Win8.1 Release|x64.Deploy.0 = Release|x64
		{E7A45A2C-BD9F-4BAB-83DE-0BDBA896FE64}.Debug_DLL|Mixed Platforms.ActiveCfg = Debug_DLL|Win32
		{E7A45A2C-BD9F-4BAB-83DE-0BDBA896FE64}.Debug_DLL|Mixed Platforms.Build.0 = Debug_DLL|Win32
		{E7A45A2C-BD9F-4BAB-83DE-0BDBA896FE64}.Debug_DLL|Win32.ActiveCfg = Debug_DLL|Win32
		{E7A45A2C-BD9F-4BAB-83DE-0BDBA896FE64}.Debug_DLL|Win32.Build.0 = Debug_DLL|Win32
		{E7A45A2C-BD9F-4BAB-83DE-0BDBA896FE64}.Debug_DLL|x64.ActiveCfg = Debug_DLL|x64
		{E7A45A2C-BD9F-4BAB-83DE-0BDBA896FE64}.Debug_DLL|x64.Build.0 = Debug_DLL|x64
		{E7A45A2C-BD9F-4BAB-83DE-0BDBA896FE64}.Debug|Mixed Platforms.ActiveCfg = Debug|Win32
		{E7A45A2C-BD9F-4BAB-83DE-0BDBA896FE64}.Debug|Mixed Platforms.Build.0 = Debug|Win32
		{E7A45A2C-BD9F-4BAB-83DE-0BDBA896FE64}.Debug|Win32.ActiveCfg = Debug|Win32
		{E7A45A2C-BD9F-4BAB-83DE-0BDBA896FE64}.Debug|Win32.Build.0 = Debug|Win32
		{E7A45A2C-BD9F-4BAB-83DE-0BDBA896FE64}.Debug|x64.ActiveCfg = Debug|x64
		{E7A45A2C-BD9F-4BAB-83DE-0BDBA896FE64}.Debug|x64.Build.0 = Debug|x64
		{E7A45A2C-BD9F-4BAB-83DE-0BDBA896FE64}.Release_DLL|Mixed Platforms.ActiveCfg = Release_DLL|Win32
		{E7A45A2C-BD9F-4BAB-83DE-0BDBA896FE64}.Release_DLL|Mixed Platforms.Build.0 = Release_DLL|Win32
		{E7A45A2C-BD9F-4BAB-83DE-0BDBA896FE64}.Release_DLL|Win32.ActiveCfg = Release_DLL|Win32
		{E7A45A2C-BD9F-4BAB-83DE-0BDBA896FE64}.Release_DLL|Win32.Build.0 = Release_DLL|Win32
		{E7A45A2C-BD9F-4BAB-83DE-0BDBA896FE64}.Release_DLL|x64.ActiveCfg = Release_DLL|x64
		{E7A45A2C-BD9F-4BAB-83DE-0BDBA896FE64}.Release_DLL|x64.Build.0 = Release_DLL|x64
		{E7A45A2C-BD9F-4BAB-83DE-0BDBA896FE64}.Release|Mixed Platforms.ActiveCfg = Release|Win32
		{E7A45A2C-BD9F-4BAB-83DE-0BDBA896FE64}.Release|Mixed Platforms.Build.0 = Release|Win32
		{E7A45A2C-BD9F-4BAB-83DE-0BDBA896FE64}.Release|Win32.ActiveCfg = Release|Win32
		{E7A45A2C-BD9F-4BAB-83DE-0BDBA896FE64}.Release|Win32.Build.0 = Release|Win32
		{E7A45A2C-BD9F-4BAB-83DE-0BDBA896FE64}.Release|x64.ActiveCfg = Release|x64
		{E7A45A2C-BD9F-4BAB-83DE-0BDBA896FE64}.Release|x64.Build.0 = Release|x64
		{E7A45A2C-BD9F-4BAB-83DE-0BDBA896FE64}.Win7 Debug|Mixed Platforms.ActiveCfg = Debug|Win32
		{E7A45A2C-BD9F-4BAB-83DE-0BDBA896FE64}.Win7 Debug|Mixed Platforms.Build.0 = Debug|Win32
		{E7A45A2C-BD9F-4BAB-83DE-0BDBA896FE64}.Win7 Debug|Mixed Platforms.Deploy.0 = Debug|Win32
		{E7A45A2C-BD9F-4BAB-83DE-0BDBA896FE64}.Win7 Debug|Win32.ActiveCfg = Debug|Win32
		{E7A45A2C-BD9F-4BAB-83DE-0BDBA896FE64}.Win7 Debug|Win32.Deploy.0 = Debug|Win32
		{E7A45A2C-BD9F-4BAB-83DE-0BDBA896FE64}.Win7 Debug|x64.ActiveCfg = Debug|x64
		{E7A45A2C-BD9F-4BAB-83DE-0BDBA896FE64}.Win7 Debug|x64.Deploy.0 = Debug|x64
		{E7A45A2C-BD9F-4BAB-83DE-0BDBA896FE64}.Win7 Release|Mixed Platforms.ActiveCfg = Release|Win32
		{E7A45A2C-BD9F-4BAB-83DE-0BDBA896FE64}.Win7 Release|Mixed Platforms.Build.0 = Release|Win32
		{E7A45A2C-BD9F-4BAB-83DE-0BDBA896FE64}.Win7 Release|Mixed Platforms.Deploy.0 = Release|Win32
		{E7A45A2C-BD9F-4BAB-83DE-0BDBA896FE64}.Win7 Release|Win32.ActiveCfg = Release|Win32
		{E7A45A2C-BD9F-4BAB-83DE-0BDBA896FE64}.Win7 Release|Win32.Deploy.0 = Release|Win32
		{E7A45A2C-BD9F-4BAB-83DE-0BDBA896FE64}.Win7 Release|x64.ActiveCfg = Release|x64
		{E7A45A2C-BD9F-4BAB-83DE-0BDBA896FE64}.Win7 Release|x64.Deploy.0 = Release|x64
		{E7A45A2C-BD9F-4BAB-83DE-0BDBA896FE64}.Win8 Debug|Mixed Platforms.ActiveCfg = Debug|Win32
		{E7A45A2C-BD9F-4BAB-83DE-0BDBA896FE64}.Win8 Debug|Mixed Platforms.Build.0 = Debug|Win32
		{E7A45A2C-BD9F-4BAB-83DE-0BDBA896FE64}.Win8 Debug|Mixed Platforms.Deploy.0 = Debug|Win32
		{E7A45A2C-BD9F-4BAB-83DE-0BDBA896FE64}.Win8 Debug|Win32.ActiveCfg = Debug|Win32
		{E7A45A2C-BD9F-4BAB-83DE-0BDBA896FE64}.Win8 Debug|Win32.Deploy.0 = Debug|Win32
		{E7A45A2C-BD9F-4BAB-83DE-0BDBA896FE64}.Win8 Debug|x64.ActiveCfg = Debug|x64
		{E7A45A2C-BD9F-4BAB-83DE-0BDBA896FE64}.Win8 Debug|x64.Deploy.0 = Debug|x64
		{E7A45A2C-BD9F-4BAB-83DE-0BDBA896FE64}.Win8 Release|Mixed Platforms.ActiveCfg = Release|Win32
		{E7A45A2C-BD9F-4BAB-83DE-0BDBA896FE64}.Win8 Release|Mixed Platforms.Build.0 = Release|Win32
		{E7A45A2C-BD9F-4BAB-83DE-0BDBA896FE64}.Win8 Release|Mixed Platforms.Deploy.0 = Release|Win32
		{E7A45A2C-BD9F-4BAB-83DE-0BDBA896FE64}.Win8 Release|Win32.ActiveCfg = Release|Win32
		{E7A45A2C-BD9F-4BAB-83DE-0BDBA896FE64}.Win8 Release|Win32.Deploy.0 = Release|Win32
		{E7A45A2C-BD9F-4BAB-83DE-0BDBA896FE64}.Win8 Release|x64.ActiveCfg = Release|x64
		{E7A45A2C-BD9F-4BAB-83DE-0BDBA896FE64}.Win8 Release|x64.Deploy.0 = Release|x64
		{E7A45A2C-BD9F-4BAB-83DE-0BDBA896FE64}.Win8.1 Debug|Mixed Platforms.ActiveCfg = Debug|Win32
		{E7A45A2C-BD9F-4BAB-83DE-0BDBA896FE64}.Win8.1 Debug|Mixed Platforms.Build.0 = Debug|Win32
		{E7A45A2C-BD9F-4BAB-83DE-0BDBA896FE64}.Win8.1 Debug|Mixed Platforms.Deploy.0 = Debug|Win32
		{E7A45A2C-BD9F-4BAB-83DE-0BDBA896FE64}.Win8.1 Debug|Win32.ActiveCfg = Debug|Win32
		{E7A45A2C-BD9F-4BAB-83DE-0BDBA896FE64}.Win8.1 Debug|Win32.Deploy.0 = Debug|Win32
		{E7A45A2C-BD9F-4BAB-83DE-0BDBA896FE64}.Win8.1 Debug|x64.ActiveCfg = Debug|x64
		{E7A45A2C-BD9F-4BAB-83DE-0BDBA896FE64}.Win8.1 Debug|x64.Deploy.0 = Debug|x64
		{E7A45A2C-BD9F-4BAB-83DE-0BDBA896FE64}.Win8.1 Release|Mixed Platforms.ActiveCfg = Release|Win32
		{E7A45A2C-BD9F-4BAB-83DE-0BDBA896FE64}.Win8.1 Release|Mixed Platforms.Build.0 = Release|Win32
		{E7A45A2C-BD9F-4BAB-83DE-0BDBA896FE64}.Win8.1 Release|Mixed Platforms.Deploy.0 = Release|Win32
		{E7A45A2C-BD9F-4BAB-83DE-0BDBA896FE64}.Win8.1 Release|Win32.ActiveCfg = Release|Win32
		{E7A45A2C-BD9F-4BAB-83DE-0BDBA896FE64}.Win8.1 Release|Win32.Deploy.0 = Release|Win32
		{E7A45A2C-BD9F-4BAB-83DE-0BDBA896FE64}.Win8.1 Release|x64.ActiveCfg = Release|x64
		{E7A45A2C-BD9F-4BAB-83DE-0BDBA896FE64}.Win8.1 Release|x64.Deploy.0 = Release|x64
		{7B7BA55F-7F9E-4FE1-B0E3-E3AAB044E08F}.Debug_DLL|Mixed Platforms.ActiveCfg = Debug_DLL|Win32
		{7B7BA55F-7F9E-4FE1-B0E3-E3AAB044E08F}.Debug_DLL|Mixed Platforms.Build.0 = Debug_DLL|Win32
		{7B7BA55F-7F9E-4FE1-B0E3-E3AAB044E08F}.Debug_DLL|Win32.ActiveCfg = Win7 Debug|Win32
		{7B7BA55F-7F9E-4FE1-B0E3-E3AAB044E08F}.Debug_DLL|x64.ActiveCfg = Win7 Debug|x64
		{7B7BA55F-7F9E-4FE1-B0E3-E3AAB044E08F}.Debug|Mixed Platforms.ActiveCfg = Win7 Debug|Win32
		{7B7BA55F-7F9E-4FE1-B0E3-E3AAB044E08F}.Debug|Mixed Platforms.Build.0 = Win7 Debug|Win32
		{7B7BA55F-7F9E-4FE1-B0E3-E3AAB044E08F}.Debug|Mixed Platforms.Deploy.0 = Win7 Debug|Win32
		{7B7BA55F-7F9E-4FE1-B0E3-E3AAB044E08F}.Debug|Win32.ActiveCfg = Win7 Debug|Win32
		{7B7BA55F-7F9E-4FE1-B0E3-E3AAB044E08F}.Debug|Win32.Build.0 = Win7 Debug|Win32
		{7B7BA55F-7F9E-4FE1-B0E3-E3AAB044E08F}.Debug|Win32.Deploy.0 = Win7 Debug|Win32
		{7B7BA55F-7F9E-4FE1-B0E3-E3AAB044E08F}.Debug|x64.ActiveCfg = Win7 Debug|x64
		{7B7BA55F-7F9E-4FE1-B0E3-E3AAB044E08F}.Debug|x64.Build.0 = Win7 Debug|x64
		{7B7BA55F-7F9E-4FE1-B0E3-E3AAB044E08F}.Debug|x64.Deploy.0 = Win7 Debug|x64
		{7B7BA55F-7F9E-4FE1-B0E3-E3AAB044E08F}.Release_DLL|Mixed Platforms.ActiveCfg = Release_DLL|Win32
		{7B7BA55F-7F9E-4FE1-B0E3-E3AAB044E08F}.Release_DLL|Mixed Platforms.Build.0 = Release_DLL|Win32
		{7B7BA55F-7F9E-4FE1-B0E3-E3AAB044E08F}.Release_DLL|Win32.ActiveCfg = Win7 Release|Win32
		{7B7BA55F-7F9E-4FE1-B0E3-E3AAB044E08F}.Release_DLL|x64.ActiveCfg = Win7 Release|x64
		{7B7BA55F-7F9E-4FE1-B0E3-E3AAB044E08F}.Release|Mixed Platforms.ActiveCfg = Win8.1 Release|Win32
		{7B7BA55F-7F9E-4FE1-B0E3-E3AAB044E08F}.Release|Mixed Platforms.Build.0 = Win8.1 Release|Win32
		{7B7BA55F-7F9E-4FE1-B0E3-E3AAB044E08F}.Release|Mixed Platforms.Deploy.0 = Win8.1 Release|Win32
		{7B7BA55F-7F9E-4FE1-B0E3-E3AAB044E08F}.Release|Win32.ActiveCfg = Win7 Release|Win32
		{7B7BA55F-7F9E-4FE1-B0E3-E3AAB044E08F}.Release|Win32.Build.0 = Win7 Release|Win32
		{7B7BA55F-7F9E-4FE1-B0E3-E3AAB044E08F}.Release|Win32.Deploy.0 = Win7 Release|Win32
		{7B7BA55F-7F9E-4FE1-B0E3-E3AAB044E08F}.Release|x64.ActiveCfg = Win7 Release|x64
		{7B7BA55F-7F9E-4FE1-B0E3-E3AAB044E08F}.Release|x64.Build.0 = Win7 Release|x64
		{7B7BA55F-7F9E-4FE1-B0E3-E3AAB044E08F}.Release|x64.Deploy.0 = Win7 Release|x64
		{7B7BA55F-7F9E-4FE1-B0E3-E3AAB044E08F}.Win7 Debug|Mixed Platforms.ActiveCfg = Win7 Debug|Win32
		{7B7BA55F-7F9E-4FE1-B0E3-E3AAB044E08F}.Win7 Debug|Mixed Platforms.Build.0 = Win7 Debug|Win32
		{7B7BA55F-7F9E-4FE1-B0E3-E3AAB044E08F}.Win7 Debug|Mixed Platforms.Deploy.0 = Win7 Debug|Win32
		{7B7BA55F-7F9E-4FE1-B0E3-E3AAB044E08F}.Win7 Debug|Win32.ActiveCfg = Win7 Debug|Win32
		{7B7BA55F-7F9E-4FE1-B0E3-E3AAB044E08F}.Win7 Debug|Win32.Build.0 = Win7 Debug|Win32
		{7B7BA55F-7F9E-4FE1-B0E3-E3AAB044E08F}.Win7 Debug|Win32.Deploy.0 = Win7 Debug|Win32
		{7B7BA55F-7F9E-4FE1-B0E3-E3AAB044E08F}.Win7 Debug|x64.ActiveCfg = Win7 Debug|x64
		{7B7BA55F-7F9E-4FE1-B0E3-E3AAB044E08F}.Win7 Debug|x64.Build.0 = Win7 Debug|x64
		{7B7BA55F-7F9E-4FE1-B0E3-E3AAB044E08F}.Win7 Debug|x64.Deploy.0 = Win7 Debug|x64
		{7B7BA55F-7F9E-4FE1-B0E3-E3AAB044E08F}.Win7 Release|Mixed Platforms.ActiveCfg = Win7 Release|Win32
		{7B7BA55F-7F9E-4FE1-B0E3-E3AAB044E08F}.Win7 Release|Mixed Platforms.Build.0 = Win7 Release|Win32
		{7B7BA55F-7F9E-4FE1-B0E3-E3AAB044E08F}.Win7 Release|Mixed Platforms.Deploy.0 = Win7 Release|Win32
		{7B7BA55F-7F9E-4FE1-B0E3-E3AAB044E08F}.Win7 Release|Win32.ActiveCfg = Win7 Release|Win32
		{7B7BA55F-7F9E-4FE1-B0E3-E3AAB044E08F}.Win7 Release|Win32.Build.0 = Win7 Release|Win32
		{7B7BA55F-7F9E-4FE1-B0E3-E3AAB044E08F}.Win7 Release|Win32.Deploy.0 = Win7 Release|Win32
		{7B7BA55F-7F9E-4FE1-B0E3-E3AAB044E08F}.Win7 Release|x64.ActiveCfg = Win7 Release|x64
		{7B7BA55F-7F9E-4FE1-B0E3-E3AAB044E08F}.Win7 Release|x64.Build.0 = Win7 Release|x64
		{7B7BA55F-7F9E-4FE1-B0E3-E3AAB044E08F}.Win7 Release|x64.Deploy.0 = Win7 Release|x64
		{7B7BA55F-7F9E-4FE1-B0E3-E3AAB044E08F}.Win8 Debug|Mixed Platforms.ActiveCfg = Win8 Debug|Win32
		{7B7BA55F-7F9E-4FE1-B0E3-E3AAB044E08F}.Win8 Debug|Mixed Platforms.Build.0 = Win8 Debug|Win32
		{7B7BA55F-7F9E-4FE1-B0E3-E3AAB044E08F}.Win8 Debug|Mixed Platforms.Deploy.0 = Win8 Debug|Win32
		{7B7BA55F-7F9E-4FE1-B0E3-E3AAB044E08F}.Win8 Debug|Win32.ActiveCfg = Win8 Debug|Win32
		{7B7BA55F-7F9E-4FE1-B0E3-E3AAB044E08F}.Win8 Debug|Win32.Build.0 = Win8 Debug|Win32
		{7B7BA55F-7F9E-4FE1-B0E3-E3AAB044E08F}.Win8 Debug|Win32.Deploy.0 = Win8 Debug|Win32
		{7B7BA55F-7F9E-4FE1-B0E3-E3AAB044E08F}.Win8 Debug|x64.ActiveCfg = Win8 Debug|x64
		{7B7BA55F-7F9E-4FE1-B0E3-E3AAB044E08F}.Win8 Debug|x64.Build.0 = Win8 Debug|x64
		{7B7BA55F-7F9E-4FE1-B0E3-E3AAB044E08F}.Win8 Debug|x64.Deploy.0 = Win8 Debug|x64
		{7B7BA55F-7F9E-4FE1-B0E3-E3AAB044E08F}.Win8 Release|Mixed Platforms.ActiveCfg = Win8 Release|Win32
		{7B7BA55F-7F9E-4FE1-B0E3-E3AAB044E08F}.Win8 Release|Mixed Platforms.Build.0 = Win8 Release|Win32
		{7B7BA55F-7F9E-4FE1-B0E3-E3AAB044E08F}.Win8 Release|Mixed Platforms.Deploy.0 = Win8 Release|Win32
		{7B7BA55F-7F9E-4FE1-B0E3-E3AAB044E08F}.Win8 Release|Win32.ActiveCfg = Win8 Release|Win32
		{7B7BA55F-7F9E-4FE1-B0E3-E3AAB044E08F}.Win8 Release|Win32.Build.0 = Win8 Release|Win32
		{7B7BA55F-7F9E-4FE1-B0E3-E3AAB044E08F}.Win8 Release|Win32.Deploy.0 = Win8 Release|Win32
		{7B7BA55F-7F9E-4FE1-B0E3-E3AAB044E08F}.Win8 Release|x64.ActiveCfg = Win8 Release|x64
		{7B7BA55F-7F9E-4FE1-B0E3-E3AAB044E08F}.Win8 Release|x64.Build.0 = Win8 Release|x64
		{7B7BA55F-7F9E-4FE1-B0E3-E3AAB044E08F}.Win8 Release|x64.Deploy.0 = Win8 Release|x64
		{7B7BA55F-7F9E-4FE1-B0E3-E3AAB044E08F}.Win8.1 Debug|Mixed Platforms.ActiveCfg = Win8.1 Debug|Win32
		{7B7BA55F-7F9E-4FE1-B0E3-E3AAB044E08F}.Win8.1 Debug|Mixed Platforms.Build.0 = Win8.1 Debug|Win32
		{7B7BA55F-7F9E-4FE1-B0E3-E3AAB044E08F}.Win8.1 Debug|Mixed Platforms.Deploy.0 = Win8.1 Debug|Win32
		{7B7BA55F-7F9E-4FE1-B0E3-E3AAB044E08F}.Win8.1 Debug|Win32.ActiveCfg = Win8.1 Debug|Win32
		{7B7BA55F-7F9E-4FE1-B0E3-E3AAB044E08F}.Win8.1 Debug|Win32.Build.0 = Win8.1 Debug|Win32
		{7B7BA55F-7F9E-4FE1-B0E3-E3AAB044E08F}.Win8.1 Debug|Win32.Deploy.0 = Win8.1 Debug|Win32
		{7B7BA55F-7F9E-4FE1-B0E3-E3AAB044E08F}.Win8.1 Debug|x64.ActiveCfg = Win8.1 Debug|x64
		{7B7BA55F-7F9E-4FE1-B0E3-E3AAB044E08F}.Win8.1 Debug|x64.Build.0 = Win8.1 Debug|x64
		{7B7BA55F-7F9E-4FE1-B0E3-E3AAB044E08F}.Win8.1 Debug|x64.Deploy.0 = Win8.1 Debug|x64
		{7B7BA55F-7F9E-4FE1-B0E3-E3AAB044E08F}.Win8.1 Release|Mixed Platforms.ActiveCfg = Win8.1 Release|Win32
		{7B7BA55F-7F9E-4FE1-B0E3-E3AAB044E08F}.Win8.1 Release|Mixed Platforms.Build.0 = Win8.1 Release|Win32
		{7B7BA55F-7F9E-4FE1-B0E3-E3AAB044E08F}.Win8.1 Release|Mixed Platforms.Deploy.0 = Win8.1 Release|Win32
		{7B7BA55F-7F9E-4FE1-B0E3-E3AAB044E08F}.Win8.1 Release|Win32.ActiveCfg = Win8.1 Release|Win32
		{7B7BA55F-7F9E-4FE1-B0E3-E3AAB044E08F}.Win8.1 Release|Win32.Build.0 = Win8.1 Release|Win32
		{7B7BA55F-7F9E-4FE1-B0E3-E3AAB044E08F}.Win8.1 Release|Win32.Deploy.0 = Win8.1 Release|Win32
		{7B7BA55F-7F9E-4FE1-B0E3-E3AAB044E08F}.Win8.1 Release|x64.ActiveCfg = Win8.1 Release|x64
		{7B7BA55F-7F9E-4FE1-B0E3-E3AAB044E08F}.Win8.1 Release|x64.Build.0 = Win8.1 Release|x64
		{7B7BA55F-7F9E-4FE1-B0E3-E3AAB044E08F}.Win8.1 Release|x64.Deploy.0 = Win8.1 Release|x64
		{6905EAFB-91CB-4CBC-BD00-EB7BF8F9386E}.Debug_DLL|Mixed Platforms.ActiveCfg = Debug_DLL|Win32
		{6905EAFB-91CB-4CBC-BD00-EB7BF8F9386E}.Debug_DLL|Mixed Platforms.Build.0 = Debug_DLL|Win32
		{6905EAFB-91CB-4CBC-BD00-EB7BF8F9386E}.Debug_DLL|Win32.ActiveCfg = Debug_DLL|Win32
		{6905EAFB-91CB-4CBC-BD00-EB7BF8F9386E}.Debug_DLL|Win32.Build.0 = Debug_DLL|Win32
		{6905EAFB-91CB-4CBC-BD00-EB7BF8F9386E}.Debug_DLL|x64.ActiveCfg = Debug_DLL|x64
		{6905EAFB-91CB-4CBC-BD00-EB7BF8F9386E}.Debug_DLL|x64.Build.0 = Debug_DLL|x64
		{6905EAFB-91CB-4CBC-BD00-EB7BF8F9386E}.Debug|Mixed Platforms.ActiveCfg = Debug|Win32
		{6905EAFB-91CB-4CBC-BD00-EB7BF8F9386E}.Debug|Mixed Platforms.Build.0 = Debug|Win32
		{6905EAFB-91CB-4CBC-BD00-EB7BF8F9386E}.Debug|Mixed Platforms.Deploy.0 = Debug|Win32
		{6905EAFB-91CB-4CBC-BD00-EB7BF8F9386E}.Debug|Win32.ActiveCfg = Debug|Win32
		{6905EAFB-91CB-4CBC-BD00-EB7BF8F9386E}.Debug|Win32.Build.0 = Debug|Win32
		{6905EAFB-91CB-4CBC-BD00-EB7BF8F9386E}.Debug|Win32.Deploy.0 = Debug|Win32
		{6905EAFB-91CB-4CBC-BD00-EB7BF8F9386E}.Debug|x64.ActiveCfg = Debug|x64
		{6905EAFB-91CB-4CBC-BD00-EB7BF8F9386E}.Debug|x64.Build.0 = Debug|x64
		{6905EAFB-91CB-4CBC-BD00-EB7BF8F9386E}.Release_DLL|Mixed Platforms.ActiveCfg = Release_DLL|Win32
		{6905EAFB-91CB-4CBC-BD00-EB7BF8F9386E}.Release_DLL|Mixed Platforms.Build.0 = Release_DLL|Win32
		{6905EAFB-91CB-4CBC-BD00-EB7BF8F9386E}.Release_DLL|Win32.ActiveCfg = Release_DLL|Win32
		{6905EAFB-91CB-4CBC-BD00-EB7BF8F9386E}.Release_DLL|Win32.Build.0 = Release_DLL|Win32
		{6905EAFB-91CB-4CBC-BD00-EB7BF8F9386E}.Release_DLL|x64.ActiveCfg = Release_DLL|x64
		{6905EAFB-91CB-4CBC-BD00-EB7BF8F9386E}.Release_DLL|x64.Build.0 = Release_DLL|x64
		{6905EAFB-91CB-4CBC-BD00-EB7BF8F9386E}.Release|Mixed Platforms.ActiveCfg = Release|Win32
		{6905EAFB-91CB-4CBC-BD00-EB7BF8F9386E}.Release|Mixed Platforms.Build.0 = Release|Win32
		{6905EAFB-91CB-4CBC-BD00-EB7BF8F9386E}.Release|Mixed Platforms.Deploy.0 = Release|Win32
		{6905EAFB-91CB-4CBC-BD00-EB7BF8F9386E}.Release|Win32.ActiveCfg = Release|Win32
		{6905EAFB-91CB-4CBC-BD00-EB7BF8F9386E}.Release|Win32.Build.0 = Release|Win32
		{6905EAFB-91CB-4CBC-BD00-EB7BF8F9386E}.Release|Win32.Deploy.0 = Release|Win32
		{6905EAFB-91CB-4CBC-BD00-EB7BF8F9386E}.Release|x64.ActiveCfg = Release|x64
		{6905EAFB-91CB-4CBC-BD00-EB7BF8F9386E}.Release|x64.Build.0 = Release|x64
		{6905EAFB-91CB-4CBC-BD00-EB7BF8F9386E}.Win7 Debug|Mixed Platforms.ActiveCfg = Debug|Win32
		{6905EAFB-91CB-4CBC-BD00-EB7BF8F9386E}.Win7 Debug|Mixed Platforms.Build.0 = Debug|Win32
		{6905EAFB-91CB-4CBC-BD00-EB7BF8F9386E}.Win7 Debug|Mixed Platforms.Deploy.0 = Debug|Win32
		{6905EAFB-91CB-4CBC-BD00-EB7BF8F9386E}.Win7 Debug|Win32.ActiveCfg = Debug|Win32
		{6905EAFB-91CB-4CBC-BD00-EB7BF8F9386E}.Win7 Debug|Win32.Deploy.0 = Debug|Win32
		{6905EAFB-91CB-4CBC-BD00-EB7BF8F9386E}.Win7 Debug|x64.ActiveCfg = Debug|Win32
		{6905EAFB-91CB-4CBC-BD00-EB7BF8F9386E}.Win7 Release|Mixed Platforms.ActiveCfg = Release|Win32
		{6905EAFB-91CB-4CBC-BD00-EB7BF8F9386E}.Win7 Release|Mixed Platforms.Build.0 = Release|Win32
		{6905EAFB-91CB-4CBC-BD00-EB7BF8F9386E}.Win7 Release|Mixed Platforms.Deploy.0 = Release|Win32
		{6905EAFB-91CB-4CBC-BD00-EB7BF8F9386E}.Win7 Release|Win32.ActiveCfg = Release|Win32
		{6905EAFB-91CB-4CBC-BD00-EB7BF8F9386E}.Win7 Release|Win32.Deploy.0 = Release|Win32
		{6905EAFB-91CB-4CBC-BD00-EB7BF8F9386E}.Win7 Release|x64.ActiveCfg = Release|x64
		{6905EAFB-91CB-4CBC-BD00-EB7BF8F9386E}.Win8 Debug|Mixed Platforms.ActiveCfg = Debug|Win32
		{6905EAFB-91CB-4CBC-BD00-EB7BF8F9386E}.Win8 Debug|Mixed Platforms.Build.0 = Debug|Win32
		{6905EAFB-91CB-4CBC-BD00-EB7BF8F9386E}.Win8 Debug|Mixed Platforms.Deploy.0 = Debug|Win32
		{6905EAFB-91CB-4CBC-BD00-EB7BF8F9386E}.Win8 Debug|Win32.ActiveCfg = Debug|Win32
		{6905EAFB-91CB-4CBC-BD00-EB7BF8F9386E}.Win8 Debug|Win32.Deploy.0 = Debug|Win32
		{6905EAFB-91CB-4CBC-BD00-EB7BF8F9386E}.Win8 Debug|x64.ActiveCfg = Debug|x64
		{6905EAFB-91CB-4CBC-BD00-EB7BF8F9386E}.Win8 Release|Mixed Platforms.ActiveCfg = Release|Win32
		{6905EAFB-91CB-4CBC-BD00-EB7BF8F9386E}.Win8 Release|Mixed Platforms.Build.0 = Release|Win32
		{6905EAFB-91CB-4CBC-BD00-EB7BF8F9386E}.Win8 Release|Mixed Platforms.Deploy.0 = Release|Win32
		{6905EAFB-91CB-4CBC-BD00-EB7BF8F9386E}.Win8 Release|Win32.ActiveCfg = Release|Win32
		{6905EAFB-91CB-4CBC-BD00-EB7BF8F9386E}.Win8 Release|Win32.Deploy.0 = Release|Win32
		{6905EAFB-91CB-4CBC-BD00-EB7BF8F9386E}.Win8 Release|x64.ActiveCfg = Release|x64
		{6905EAFB-91CB-4CBC-BD00-EB7BF8F9386E}.Win8.1 Debug|Mixed Platforms.ActiveCfg = Debug|Win32
		{6905EAFB-91CB-4CBC-BD00-EB7BF8F9386E}.Win8.1 Debug|Mixed Platforms.Build.0 = Debug|Win32
		{6905EAFB-91CB-4CBC-BD00-EB7BF8F9386E}.Win8.1 Debug|Mixed Platforms.Deploy.0 = Debug|Win32
		{6905EAFB-91CB-4CBC-BD00-EB7BF8F9386E}.Win8.1 Debug|Win32.ActiveCfg = Debug|Win32
		{6905EAFB-91CB-4CBC-BD00-EB7BF8F9386E}.Win8.1 Debug|Win32.Deploy.0 = Debug|Win32
		{6905EAFB-91CB-4CBC-BD00-EB7BF8F9386E}.Win8.1 Debug|x64.ActiveCfg = Debug|x64
		{6905EAFB-91CB-4CBC-BD00-EB7BF8F9386E}.Win8.1 Release|Mixed Platforms.ActiveCfg = Release|Win32
		{6905EAFB-91CB-4CBC-BD00-EB7BF8F9386E}.Win8.1 Release|Mixed Platforms.Build.0 = Release|Win32
		{6905EAFB-91CB-4CBC-BD00-EB7BF8F9386E}.Win8.1 Release|Mixed Platforms.Deploy.0 = Release|Win32
		{6905EAFB-91CB-4CBC-BD00-EB7BF8F9386E}.Win8.1 Release|Win32.ActiveCfg = Release|Win32
		{6905EAFB-91CB-4CBC-BD00-EB7BF8F9386E}.Win8.1 Release|Win32.Deploy.0 = Release|Win32
		{6905EAFB-91CB-4CBC-BD00-EB7BF8F9386E}.Win8.1 Release|x64.ActiveCfg = Release|x64
		{23A9F715-A58F-43E6-9EE1-D5DB2A54F017}.Debug_DLL|Mixed Platforms.ActiveCfg = Debug_DLL|Win32
		{23A9F715-A58F-43E6-9EE1-D5DB2A54F017}.Debug_DLL|Mixed Platforms.Build.0 = Debug_DLL|Win32
		{23A9F715-A58F-43E6-9EE1-D5DB2A54F017}.Debug_DLL|Win32.ActiveCfg = Debug_DLL|Win32
		{23A9F715-A58F-43E6-9EE1-D5DB2A54F017}.Debug_DLL|Win32.Build.0 = Debug_DLL|Win32
		{23A9F715-A58F-43E6-9EE1-D5DB2A54F017}.Debug_DLL|x64.ActiveCfg = Debug_DLL|x64
		{23A9F715-A58F-43E6-9EE1-D5DB2A54F017}.Debug_DLL|x64.Build.0 = Debug_DLL|x64
		{23A9F715-A58F-43E6-9EE1-D5DB2A54F017}.Debug|Mixed Platforms.ActiveCfg = Debug|Win32
		{23A9F715-A58F-43E6-9EE1-D5DB2A54F017}.Debug|Mixed Platforms.Build.0 = Debug|Win32
		{23A9F715-A58F-43E6-9EE1-D5DB2A54F017}.Debug|Mixed Platforms.Deploy.0 = Debug|Win32
		{23A9F715-A58F-43E6-9EE1-D5DB2A54F017}.Debug|Win32.ActiveCfg = Debug|Win32
		{23A9F715-A58F-43E6-9EE1-D5DB2A54F017}.Debug|Win32.Build.0 = Debug|Win32
		{23A9F715-A58F-43E6-9EE1-D5DB2A54F017}.Debug|Win32.Deploy.0 = Debug|Win32
		{23A9F715-A58F-43E6-9EE1-D5DB2A54F017}.Debug|x64.ActiveCfg = Debug|x64
		{23A9F715-A58F-43E6-9EE1-D5DB2A54F017}.Debug|x64.Build.0 = Debug|x64
		{23A9F715-A58F-43E6-9EE1-D5DB2A54F017}.Release_DLL|Mixed Platforms.ActiveCfg = Release_DLL|Win32
		{23A9F715-A58F-43E6-9EE1-D5DB2A54F017}.Release_DLL|Mixed Platforms.Build.0 = Release_DLL|Win32
		{23A9F715-A58F-43E6-9EE1-D5DB2A54F017}.Release_DLL|Win32.ActiveCfg = Release_DLL|Win32
		{23A9F715-A58F-43E6-9EE1-D5DB2A54F017}.Release_DLL|Win32.Build.0 = Release_DLL|Win32
		{23A9F715-A58F-43E6-9EE1-D5DB2A54F017}.Release_DLL|x64.ActiveCfg = Release_DLL|x64
		{23A9F715-A58F-43E6-9EE1-D5DB2A54F017}.Release_DLL|x64.Build.0 = Release_DLL|x64
		{23A9F715-A58F-43E6-9EE1-D5DB2A54F017}.Release|Mixed Platforms.ActiveCfg = Release|Win32
		{23A9F715-A58F-43E6-9EE1-D5DB2A54F017}.Release|Mixed Platforms.Build.0 = Release|Win32
		{23A9F715-A58F-43E6-9EE1-D5DB2A54F017}.Release|Mixed Platforms.Deploy.0 = Release|Win32
		{23A9F715-A58F-43E6-9EE1-D5DB2A54F017}.Release|Win32.ActiveCfg = Release|Win32
		{23A9F715-A58F-43E6-9EE1-D5DB2A54F017}.Release|Win32.Build.0 = Release|Win32
		{23A9F715-A58F-43E6-9EE1-D5DB2A54F017}.Release|Win32.Deploy.0 = Release|Win32
		{23A9F715-A58F-43E6-9EE1-D5DB2A54F017}.Release|x64.ActiveCfg = Release|x64
		{23A9F715-A58F-43E6-9EE1-D5DB2A54F017}.Release|x64.Build.0 = Release|x64
		{23A9F715-A58F-43E6-9EE1-D5DB2A54F017}.Win7 Debug|Mixed Platforms.ActiveCfg = Debug|Win32
		{23A9F715-A58F-43E6-9EE1-D5DB2A54F017}.Win7 Debug|Mixed Platforms.Build.0 = Debug|Win32
		{23A9F715-A58F-43E6-9EE1-D5DB2A54F017}.Win7 Debug|Mixed Platforms.Deploy.0 = Debug|Win32
		{23A9F715-A58F-43E6-9EE1-D5DB2A54F017}.Win7 Debug|Win32.ActiveCfg = Debug|Win32
		{23A9F715-A58F-43E6-9EE1-D5DB2A54F017}.Win7 Debug|Win32.Deploy.0 = Debug|Win32
		{23A9F715-A58F-43E6-9EE1-D5DB2A54F017}.Win7 Debug|x64.ActiveCfg = Debug|Win32
		{23A9F715-A58F-43E6-9EE1-D5DB2A54F017}.Win7 Release|Mixed Platforms.ActiveCfg = Release|Win32
		{23A9F715-A58F-43E6-9EE1-D5DB2A54F017}.Win7 Release|Mixed Platforms.Build.0 = Release|Win32
		{23A9F715-A58F-43E6-9EE1-D5DB2A54F017}.Win7 Release|Mixed Platforms.Deploy.0 = Release|Win32
		{23A9F715-A58F-43E6-9EE1-D5DB2A54F017}.Win7 Release|Win32.ActiveCfg = Release|Win32
		{23A9F715-A58F-43E6-9EE1-D5DB2A54F017}.Win7 Release|Win32.Deploy.0 = Release|Win32
		{23A9F715-A58F-43E6-9EE1-D5DB2A54F017}.Win7 Release|x64.ActiveCfg = Release|x64
		{23A9F715-A58F-43E6-9EE1-D5DB2A54F017}.Win8 Debug|Mixed Platforms.ActiveCfg = Debug|Win32
		{23A9F715-A58F-43E6-9EE1-D5DB2A54F017}.Win8 Debug|Mixed Platforms.Build.0 = Debug|Win32
		{23A9F715-A58F-43E6-9EE1-D5DB2A54F017}.Win8 Debug|Mixed Platforms.Deploy.0 = Debug|Win32
		{23A9F715-A58F-43E6-9EE1-D5DB2A54F017}.Win8 Debug|Win32.ActiveCfg = Debug|Win32
		{23A9F715-A58F-43E6-9EE1-D5DB2A54F017}.Win8 Debug|Win32.Deploy.0 = Debug|Win32
		{23A9F715-A58F-43E6-9EE1-D5DB2A54F017}.Win8 Debug|x64.ActiveCfg = Debug|x64
		{23A9F715-A58F-43E6-9EE1-D5DB2A54F017}.Win8 Release|Mixed Platforms.ActiveCfg = Release|Win32
		{23A9F715-A58F-43E6-9EE1-D5DB2A54F017}.Win8 Release|Mixed Platforms.Build.0 = Release|Win32
		{23A9F715-A58F-43E6-9EE1-D5DB2A54F017}.Win8 Release|Mixed Platforms.Deploy.0 = Release|Win32
		{23A9F715-A58F-43E6-9EE1-D5DB2A54F017}.Win8 Release|Win32.ActiveCfg = Release|Win32
		{23A9F715-A58F-43E6-9EE1-D5DB2A54F017}.Win8 Release|Win32.Deploy.0 = Release|Win32
		{23A9F715-A58F-43E6-9EE1-D5DB2A54F017}.Win8 Release|x64.ActiveCfg = Release|x64
		{23A9F715-A58F-43E6-9EE1-D5DB2A54F017}.Win8.1 Debug|Mixed Platforms.ActiveCfg = Debug|Win32
		{23A9F715-A58F-43E6-9EE1-D5DB2A54F017}.Win8.1 Debug|Mixed Platforms.Build.0 = Debug|Win32
		{23A9F715-A58F-43E6-9EE1-D5DB2A54F017}.Win8.1 Debug|Mixed Platforms.Deploy.0 = Debug|Win32
		{23A9F715-A58F-43E6-9EE1-D5DB2A54F017}.Win8.1 Debug|Win32.ActiveCfg = Debug|Win32
		{23A9F715-A58F-43E6-9EE1-D5DB2A54F017}.Win8.1 Debug|Win32.Deploy.0 = Debug|Win32
		{23A9F715-A58F-43E6-9EE1-D5DB2A54F017}.Win8.1 Debug|x64.ActiveCfg = Debug|x64
		{23A9F715-A58F-43E6-9EE1-D5DB2A54F017}.Win8.1 Release|Mixed Platforms.ActiveCfg = Release|Win32
		{23A9F715-A58F-43E6-9EE1-D5DB2A54F017}.Win8.1 Release|Mixed Platforms.Build.0 = Release|Win32
		{23A9F715-A58F-43E6-9EE1-D5DB2A54F017}.Win8.1 Release|Mixed Platforms.Deploy.0 = Release|Win32
		{23A9F715-A58F-43E6-9EE1-D5DB2A54F017}.Win8.1 Release|Win32.ActiveCfg = Release|Win32
		{23A9F715-A58F-43E6-9EE1-D5DB2A54F017}.Win8.1 Release|Win32.Deploy.0 = Release|Win32
		{23A9F715-A58F-43E6-9EE1-D5DB2A54F017}.Win8.1 Release|x64.ActiveCfg = Release|x64
		{81BED578-900A-47A0-9CBD-C7D07EBFF37C}.Debug_DLL|Mixed Platforms.ActiveCfg = Debug_DLL|Win32
		{81BED578-900A-47A0-9CBD-C7D07EBFF37C}.Debug_DLL|Mixed Platforms.Build.0 = Debug_DLL|Win32
		{81BED578-900A-47A0-9CBD-C7D07EBFF37C}.Debug_DLL|Win32.ActiveCfg = Debug_DLL|Win32
		{81BED578-900A-47A0-9CBD-C7D07EBFF37C}.Debug_DLL|Win32.Build.0 = Debug_DLL|Win32
		{81BED578-900A-47A0-9CBD-C7D07EBFF37C}.Debug_DLL|x64.ActiveCfg = Debug_DLL|x64
		{81BED578-900A-47A0-9CBD-C7D07EBFF37C}.Debug_DLL|x64.Build.0 = Debug_DLL|x64
		{81BED578-900A-47A0-9CBD-C7D07EBFF37C}.Debug|Mixed Platforms.ActiveCfg = Debug|Win32
		{81BED578-900A-47A0-9CBD-C7D07EBFF37C}.Debug|Mixed Platforms.Build.0 = Debug|Win32
		{81BED578-900A-47A0-9CBD-C7D07EBFF37C}.Debug|Win32.ActiveCfg = Debug|Win32
		{81BED578-900A-47A0-9CBD-C7D07EBFF37C}.Debug|Win32.Build.0 = Debug|Win32
		{81BED578-900A-47A0-9CBD-C7D07EBFF37C}.Debug|x64.ActiveCfg = Debug|x64
		{81BED578-900A-47A0-9CBD-C7D07EBFF37C}.Debug|x64.Build.0 = Debug|x64
		{81BED578-900A-47A0-9CBD-C7D07EBFF37C}.Release_DLL|Mixed Platforms.ActiveCfg = Release_DLL|Win32
		{81BED578-900A-47A0-9CBD-C7D07EBFF37C}.Release_DLL|Mixed Platforms.Build.0 = Release_DLL|Win32
		{81BED578-900A-47A0-9CBD-C7D07EBFF37C}.Release_DLL|Win32.ActiveCfg = Release_DLL|Win32
		{81BED578-900A-47A0-9CBD-C7D07EBFF37C}.Release_DLL|Win32.Build.0 = Release_DLL|Win32
		{81BED578-900A-47A0-9CBD-C7D07EBFF37C}.Release_DLL|x64.ActiveCfg = Release_DLL|x64
		{81BED578-900A-47A0-9CBD-C7D07EBFF37C}.Release_DLL|x64.Build.0 = Release_DLL|x64
		{81BED578-900A-47A0-9CBD-C7D07EBFF37C}.Release|Mixed Platforms.ActiveCfg = Release|Win32
		{81BED578-900A-47A0-9CBD-C7D07EBFF37C}.Release|Mixed Platforms.Build.0 = Release|Win32
		{81BED578-900A-47A0-9CBD-C7D07EBFF37C}.Release|Win32.ActiveCfg = Release|Win32
		{81BED578-900A-47A0-9CBD-C7D07EBFF37C}.Release|Win32.Build.0 = Release|Win32
		{81BED578-900A-47A0-9CBD-C7D07EBFF37C}.Release|x64.ActiveCfg = Release|x64
		{81BED578-900A-47A0-9CBD-C7D07EBFF37C}.Release|x64.Build.0 = Release|x64
		{81BED578-900A-47A0-9CBD-C7D07EBFF37C}.Win7 Debug|Mixed Platforms.ActiveCfg = Debug|Win32
		{81BED578-900A-47A0-9CBD-C7D07EBFF37C}.Win7 Debug|Mixed Platforms.Build.0 = Debug|Win32
		{81BED578-900A-47A0-9CBD-C7D07EBFF37C}.Win7 Debug|Win32.ActiveCfg = Debug|Win32
		{81BED578-900A-47A0-9CBD-C7D07EBFF37C}.Win7 Debug|x64.ActiveCfg = Debug|Win32
		{81BED578-900A-47A0-9CBD-C7D07EBFF37C}.Win7 Release|Mixed Platforms.ActiveCfg = Release|Win32
		{81BED578-900A-47A0-9CBD-C7D07EBFF37C}.Win7 Release|Mixed Platforms.Build.0 = Release|Win32
		{81BED578-900A-47A0-9CBD-C7D07EBFF37C}.Win7 Release|Win32.ActiveCfg = Release|Win32
		{81BED578-900A-47A0-9CBD-C7D07EBFF37C}.Win7 Release|x64.ActiveCfg = Release|x64
		{81BED578-900A-47A0-9CBD-C7D07EBFF37C}.Win8 Debug|Mixed Platforms.ActiveCfg = Debug|Win32
		{81BED578-900A-47A0-9CBD-C7D07EBFF37C}.Win8 Debug|Mixed Platforms.Build.0 = Debug|Win32
		{81BED578-900A-47A0-9CBD-C7D07EBFF37C}.Win8 Debug|Win32.ActiveCfg = Debug|Win32
		{81BED578-900A-47A0-9CBD-C7D07EBFF37C}.Win8 Debug|x64.ActiveCfg = Debug|x64
		{81BED578-900A-47A0-9CBD-C7D07EBFF37C}.Win8 Release|Mixed Platforms.ActiveCfg = Release|Win32
		{81BED578-900A-47A0-9CBD-C7D07EBFF37C}.Win8 Release|Mixed Platforms.Build.0 = Release|Win32
		{81BED578-900A-47A0-9CBD-C7D07EBFF37C}.Win8 Release|Win32.ActiveCfg = Release|Win32
		{81BED578-900A-47A0-9CBD-C7D07EBFF37C}.Win8 Release|x64.ActiveCfg = Release|x64
		{81BED578-900A-47A0-9CBD-C7D07EBFF37C}.Win8.1 Debug|Mixed Platforms.ActiveCfg = Debug|Win32
		{81BED578-900A-47A0-9CBD-C7D07EBFF37C}.Win8.1 Debug|Mixed Platforms.Build.0 = Debug|Win32
		{81BED578-900A-47A0-9CBD-C7D07EBFF37C}.Win8.1 Debug|Win32.ActiveCfg = Debug|Win32
		{81BED578-900A-47A0-9CBD-C7D07EBFF37C}.Win8.1 Debug|x64.ActiveCfg = Debug|x64
		{81BED578-900A-47A0-9CBD-C7D07EBFF37C}.Win8.1 Release|Mixed Platforms.ActiveCfg = Release|Win32
		{81BED578-900A-47A0-9CBD-C7D07EBFF37C}.Win8.1 Release|Mixed Platforms.Build.0 = Release|Win32
		{81BED578-900A-47A0-9CBD-C7D07EBFF37C}.Win8.1 Release|Win32.ActiveCfg = Release|Win32
		{81BED578-900A-47A0-9CBD-C7D07EBFF37C}.Win8.1 Release|x64.ActiveCfg = Release|x64
		{DD5E6A78-6F66-4DC8-B886-1DE03865D0E7}.Debug_DLL|Mixed Platforms.ActiveCfg = Debug|Win32
		{DD5E6A78-6F66-4DC8-B886-1DE03865D0E7}.Debug_DLL|Mixed Platforms.Build.0 = Debug|Win32
		{DD5E6A78-6F66-4DC8-B886-1DE03865D0E7}.Debug_DLL|Win32.ActiveCfg = Debug|Win32
		{DD5E6A78-6F66-4DC8-B886-1DE03865D0E7}.Debug_DLL|x64.ActiveCfg = Debug|x64
		{DD5E6A78-6F66-4DC8-B886-1DE03865D0E7}.Debug|Mixed Platforms.ActiveCfg = Debug|Win32
		{DD5E6A78-6F66-4DC8-B886-1DE03865D0E7}.Debug|Mixed Platforms.Build.0 = Debug|Win32
		{DD5E6A78-6F66-4DC8-B886-1DE03865D0E7}.Debug|Win32.ActiveCfg = Debug|Win32
		{DD5E6A78-6F66-4DC8-B886-1DE03865D0E7}.Debug|Win32.Build.0 = Debug|Win32
		{DD5E6A78-6F66-4DC8-B886-1DE03865D0E7}.Debug|x64.ActiveCfg = Debug|x64
		{DD5E6A78-6F66-4DC8-B886-1DE03865D0E7}.Debug|x64.Build.0 = Debug|x64
		{DD5E6A78-6F66-4DC8-B886-1DE03865D0E7}.Release_DLL|Mixed Platforms.ActiveCfg = Release|Win32
		{DD5E6A78-6F66-4DC8-B886-1DE03865D0E7}.Release_DLL|Mixed Platforms.Build.0 = Release|Win32
		{DD5E6A78-6F66-4DC8-B886-1DE03865D0E7}.Release_DLL|Win32.ActiveCfg = Release|Win32
		{DD5E6A78-6F66-4DC8-B886-1DE03865D0E7}.Release_DLL|x64.ActiveCfg = Release|x64
		{DD5E6A78-6F66-4DC8-B886-1DE03865D0E7}.Release|Mixed Platforms.ActiveCfg = Release|Win32
		{DD5E6A78-6F66-4DC8-B886-1DE03865D0E7}.Release|Mixed Platforms.Build.0 = Release|Win32
		{DD5E6A78-6F66-4DC8-B886-1DE03865D0E7}.Release|Win32.ActiveCfg = Release|Win32
		{DD5E6A78-6F66-4DC8-B886-1DE03865D0E7}.Release|Win32.Build.0 = Release|Win32
		{DD5E6A78-6F66-4DC8-B886-1DE03865D0E7}.Release|x64.ActiveCfg = Release|x64
		{DD5E6A78-6F66-4DC8-B886-1DE03865D0E7}.Win7 Debug|Mixed Platforms.ActiveCfg = Debug|Win32
		{DD5E6A78-6F66-4DC8-B886-1DE03865D0E7}.Win7 Debug|Mixed Platforms.Build.0 = Debug|Win32
		{DD5E6A78-6F66-4DC8-B886-1DE03865D0E7}.Win7 Debug|Win32.ActiveCfg = Debug|Win32
		{DD5E6A78-6F66-4DC8-B886-1DE03865D0E7}.Win7 Debug|x64.ActiveCfg = Debug|Win32
		{DD5E6A78-6F66-4DC8-B886-1DE03865D0E7}.Win7 Release|Mixed Platforms.ActiveCfg = Release|Win32
		{DD5E6A78-6F66-4DC8-B886-1DE03865D0E7}.Win7 Release|Mixed Platforms.Build.0 = Release|Win32
		{DD5E6A78-6F66-4DC8-B886-1DE03865D0E7}.Win7 Release|Win32.ActiveCfg = Release|Win32
		{DD5E6A78-6F66-4DC8-B886-1DE03865D0E7}.Win7 Release|x64.ActiveCfg = Release|x64
		{DD5E6A78-6F66-4DC8-B886-1DE03865D0E7}.Win8 Debug|Mixed Platforms.ActiveCfg = Debug|Win32
		{DD5E6A78-6F66-4DC8-B886-1DE03865D0E7}.Win8 Debug|Mixed Platforms.Build.0 = Debug|Win32
		{DD5E6A78-6F66-4DC8-B886-1DE03865D0E7}.Win8 Debug|Win32.ActiveCfg = Debug|Win32
		{DD5E6A78-6F66-4DC8-B886-1DE03865D0E7}.Win8 Debug|x64.ActiveCfg = Debug|x64
		{DD5E6A78-6F66-4DC8-B886-1DE03865D0E7}.Win8 Release|Mixed Platforms.ActiveCfg = Release|Win32
		{DD5E6A78-6F66-4DC8-B886-1DE03865D0E7}.Win8 Release|Mixed Platforms.Build.0 = Release|Win32
		{DD5E6A78-6F66-4DC8-B886-1DE03865D0E7}.Win8 Release|Win32.ActiveCfg = Release|Win32
		{DD5E6A78-6F66-4DC8-B886-1DE03865D0E7}.Win8 Release|x64.ActiveCfg = Release|x64
		{DD5E6A78-6F66-4DC8-B886-1DE03865D0E7}.Win8.1 Debug|Mixed Platforms.ActiveCfg = Debug|Win32
		{DD5E6A78-6F66-4DC8-B886-1DE03865D0E7}.Win8.1 Debug|Mixed Platforms.Build.0 = Debug|Win32
		{DD5E6A78-6F66-4DC8-B886-1DE03865D0E7}.Win8.1 Debug|Win32.ActiveCfg = Debug|Win32
		{DD5E6A78-6F66-4DC8-B886-1DE03865D0E7}.Win8.1 Debug|x64.ActiveCfg = Debug|x64
		{DD5E6A78-6F66-4DC8-B886-1DE03865D0E7}.Win8.1 Release|Mixed Platforms.ActiveCfg = Release|Win32
		{DD5E6A78-6F66-4DC8-B886-1DE03865D0E7}.Win8.1 Release|Mixed Platforms.Build.0 = Release|Win32
		{DD5E6A78-6F66-4DC8-B886-1DE03865D0E7}.Win8.1 Release|Win32.ActiveCfg = Release|Win32
		{DD5E6A78-6F66-4DC8-B886-1DE03865D0E7}.Win8.1 Release|x64.ActiveCfg = Release|x64
		{195EC26E-8CB6-4654-A00E-FC084D9691A9}.Debug_DLL|Mixed Platforms.ActiveCfg = Debug|Win32
		{195EC26E-8CB6-4654-A00E-FC084D9691A9}.Debug_DLL|Mixed Platforms.Build.0 = Debug|Win32
		{195EC26E-8CB6-4654-A00E-FC084D9691A9}.Debug_DLL|Win32.ActiveCfg = Debug|Win32
		{195EC26E-8CB6-4654-A00E-FC084D9691A9}.Debug_DLL|x64.ActiveCfg = Debug|x64
		{195EC26E-8CB6-4654-A00E-FC084D9691A9}.Debug|Mixed Platforms.ActiveCfg = Debug|Win32
		{195EC26E-8CB6-4654-A00E-FC084D9691A9}.Debug|Mixed Platforms.Build.0 = Debug|Win32
		{195EC26E-8CB6-4654-A00E-FC084D9691A9}.Debug|Win32.ActiveCfg = Debug|Win32
		{195EC26E-8CB6-4654-A00E-FC084D9691A9}.Debug|Win32.Build.0 = Debug|Win32
		{195EC26E-8CB6-4654-A00E-FC084D9691A9}.Debug|x64.ActiveCfg = Debug|x64
		{195EC26E-8CB6-4654-A00E-FC084D9691A9}.Debug|x64.Build.0 = Debug|x64
		{195EC26E-8CB6-4654-A00E-FC084D9691A9}.Release_DLL|Mixed Platforms.ActiveCfg = Release|Win32
		{195EC26E-8CB6-4654-A00E-FC084D9691A9}.Release_DLL|Mixed Platforms.Build.0 = Release|Win32
		{195EC26E-8CB6-4654-A00E-FC084D9691A9}.Release_DLL|Win32.ActiveCfg = Release|Win32
		{195EC26E-8CB6-4654-A00E-FC084D9691A9}.Release_DLL|x64.ActiveCfg = Release|x64
		{195EC26E-8CB6-4654-A00E-FC084D9691A9}.Release|Mixed Platforms.ActiveCfg = Release|Win32
		{195EC26E-8CB6-4654-A00E-FC084D9691A9}.Release|Mixed Platforms.Build.0 = Release|Win32
		{195EC26E-8CB6-4654-A00E-FC084D9691A9}.Release|Win32.ActiveCfg = Release|Win32
		{195EC26E-8CB6-4654-A00E-FC084D9691A9}.Release|Win32.Build.0 = Release|Win32
		{195EC26E-8CB6-4654-A00E-FC084D9691A9}.Release|x64.ActiveCfg = Release|x64
		{195EC26E-8CB6-4654-A00E-FC084D9691A9}.Release|x64.Build.0 = Release|x64
		{195EC26E-8CB6-4654-A00E-FC084D9691A9}.Win7 Debug|Mixed Platforms.ActiveCfg = Debug|Win32
		{195EC26E-8CB6-4654-A00E-FC084D9691A9}.Win7 Debug|Mixed Platforms.Build.0 = Debug|Win32
		{195EC26E-8CB6-4654-A00E-FC084D9691A9}.Win7 Debug|Win32.ActiveCfg = Debug|Win32
		{195EC26E-8CB6-4654-A00E-FC084D9691A9}.Win7 Debug|x64.ActiveCfg = Debug|x64
		{195EC26E-8CB6-4654-A00E-FC084D9691A9}.Win7 Release|Mixed Platforms.ActiveCfg = Release|Win32
		{195EC26E-8CB6-4654-A00E-FC084D9691A9}.Win7 Release|Mixed Platforms.Build.0 = Release|Win32
		{195EC26E-8CB6-4654-A00E-FC084D9691A9}.Win7 Release|Win32.ActiveCfg = Release|Win32
		{195EC26E-8CB6-4654-A00E-FC084D9691A9}.Win7 Release|x64.ActiveCfg = Release|x64
		{195EC26E-8CB6-4654-A00E-FC084D9691A9}.Win8 Debug|Mixed Platforms.ActiveCfg = Debug|Win32
		{195EC26E-8CB6-4654-A00E-FC084D9691A9}.Win8 Debug|Mixed Platforms.Build.0 = Debug|Win32
		{195EC26E-8CB6-4654-A00E-FC084D9691A9}.Win8 Debug|Win32.ActiveCfg = Debug|Win32
		{195EC26E-8CB6-4654-A00E-FC084D9691A9}.Win8 Debug|x64.ActiveCfg = Debug|x64
		{195EC26E-8CB6-4654-A00E-FC084D9691A9}.Win8 Release|Mixed Platforms.ActiveCfg = Release|Win32
		{195EC26E-8CB6-4654-A00E-FC084D9691A9}.Win8 Release|Mixed Platforms.Build.0 = Release|Win32
		{195EC26E-8CB6-4654-A00E-FC084D9691A9}.Win8 Release|Win32.ActiveCfg = Release|Win32
		{195EC26E-8CB6-4654-A00E-FC084D9691A9}.Win8 Release|x64.ActiveCfg = Release|x64
		{195EC26E-8CB6-4654-A00E-FC084D9691A9}.Win8.1 Debug|Mixed Platforms.ActiveCfg = Debug|Win32
		{195EC26E-8CB6-4654-A00E-FC084D9691A9}.Win8.1 Debug|Mixed Platforms.Build.0 = Debug|Win32
		{195EC26E-8CB6-4654-A00E-FC084D9691A9}.Win8.1 Debug|Win32.ActiveCfg = Debug|Win32
		{195EC26E-8CB6-4654-A00E-FC084D9691A9}.Win8.1 Debug|x64.ActiveCfg = Debug|x64
		{195EC26E-8CB6-4654-A00E-FC084D9691A9}.Win8.1 Release|Mixed Platforms.ActiveCfg = Release|Win32
		{195EC26E-8CB6-4654-A00E-FC084D9691A9}.Win8.1 Release|Mixed Platforms.Build.0 = Release|Win32
		{195EC26E-8CB6-4654-A00E-FC084D9691A9}.Win8.1 Release|Win32.ActiveCfg = Release|Win32
		{195EC26E-8CB6-4654-A00E-FC084D9691A9}.Win8.1 Release|x64.ActiveCfg = Release|x64
		{CCB592B8-1A0A-4FCD-AC9D-37EC64448BF8}.Debug_DLL|Mixed Platforms.ActiveCfg = Debug_DLL|Win32
		{CCB592B8-1A0A-4FCD-AC9D-37EC64448BF8}.Debug_DLL|Mixed Platforms.Build.0 = Debug_DLL|Win32
		{CCB592B8-1A0A-4FCD-AC9D-37EC64448BF8}.Debug_DLL|Win32.ActiveCfg = Debug_DLL|Win32
		{CCB592B8-1A0A-4FCD-AC9D-37EC64448BF8}.Debug_DLL|Win32.Build.0 = Debug_DLL|Win32
		{CCB592B8-1A0A-4FCD-AC9D-37EC64448BF8}.Debug_DLL|x64.ActiveCfg = Debug_DLL|x64
		{CCB592B8-1A0A-4FCD-AC9D-37EC64448BF8}.Debug_DLL|x64.Build.0 = Debug_DLL|x64
		{CCB592B8-1A0A-4FCD-AC9D-37EC64448BF8}.Debug|Mixed Platforms.ActiveCfg = Debug_DLL|Win32
		{CCB592B8-1A0A-4FCD-AC9D-37EC64448BF8}.Debug|Mixed Platforms.Build.0 = Debug_DLL|Win32
		{CCB592B8-1A0A-4FCD-AC9D-37EC64448BF8}.Debug|Win32.ActiveCfg = Debug_DLL|Win32
		{CCB592B8-1A0A-4FCD-AC9D-37EC64448BF8}.Debug|x64.ActiveCfg = Debug_DLL|x64
		{CCB592B8-1A0A-4FCD-AC9D-37EC64448BF8}.Release_DLL|Mixed Platforms.ActiveCfg = Release_DLL|Win32
		{CCB592B8-1A0A-4FCD-AC9D-37EC64448BF8}.Release_DLL|Mixed Platforms.Build.0 = Release_DLL|Win32
		{CCB592B8-1A0A-4FCD-AC9D-37EC64448BF8}.Release_DLL|Win32.ActiveCfg = Release_DLL|Win32
		{CCB592B8-1A0A-4FCD-AC9D-37EC64448BF8}.Release_DLL|Win32.Build.0 = Release_DLL|Win32
		{CCB592B8-1A0A-4FCD-AC9D-37EC64448BF8}.Release_DLL|x64.ActiveCfg = Release_DLL|x64
		{CCB592B8-1A0A-4FCD-AC9D-37EC64448BF8}.Release_DLL|x64.Build.0 = Release_DLL|x64
		{CCB592B8-1A0A-4FCD-AC9D-37EC64448BF8}.Release|Mixed Platforms.ActiveCfg = Release_DLL|Win32
		{CCB592B8-1A0A-4FCD-AC9D-37EC64448BF8}.Release|Mixed Platforms.Build.0 = Release_DLL|Win32
		{CCB592B8-1A0A-4FCD-AC9D-37EC64448BF8}.Release|Win32.ActiveCfg = Release_DLL|Win32
		{CCB592B8-1A0A-4FCD-AC9D-37EC64448BF8}.Release|x64.ActiveCfg = Release_DLL|x64
		{CCB592B8-1A0A-4FCD-AC9D-37EC64448BF8}.Release|x64.Build.0 = Release_DLL|x64
		{CCB592B8-1A0A-4FCD-AC9D-37EC64448BF8}.Win7 Debug|Mixed Platforms.ActiveCfg = Release_DLL|Win32
		{CCB592B8-1A0A-4FCD-AC9D-37EC64448BF8}.Win7 Debug|Mixed Platforms.Build.0 = Release_DLL|Win32
		{CCB592B8-1A0A-4FCD-AC9D-37EC64448BF8}.Win7 Debug|Win32.ActiveCfg = Release_DLL|Win32
		{CCB592B8-1A0A-4FCD-AC9D-37EC64448BF8}.Win7 Debug|x64.ActiveCfg = Debug_DLL|x64
		{CCB592B8-1A0A-4FCD-AC9D-37EC64448BF8}.Win7 Release|Mixed Platforms.ActiveCfg = Release_DLL|Win32
		{CCB592B8-1A0A-4FCD-AC9D-37EC64448BF8}.Win7 Release|Mixed Platforms.Build.0 = Release_DLL|Win32
		{CCB592B8-1A0A-4FCD-AC9D-37EC64448BF8}.Win7 Release|Win32.ActiveCfg = Release_DLL|Win32
		{CCB592B8-1A0A-4FCD-AC9D-37EC64448BF8}.Win7 Release|x64.ActiveCfg = Debug_DLL|x64
		{CCB592B8-1A0A-4FCD-AC9D-37EC64448BF8}.Win8 Debug|Mixed Platforms.ActiveCfg = Release_DLL|Win32
		{CCB592B8-1A0A-4FCD-AC9D-37EC64448BF8}.Win8 Debug|Mixed Platforms.Build.0 = Release_DLL|Win32
		{CCB592B8-1A0A-4FCD-AC9D-37EC64448BF8}.Win8 Debug|Win32.ActiveCfg = Release_DLL|Win32
		{CCB592B8-1A0A-4FCD-AC9D-37EC64448BF8}.Win8 Debug|x64.ActiveCfg = Debug_DLL|x64
		{CCB592B8-1A0A-4FCD-AC9D-37EC64448BF8}.Win8 Release|Mixed Platforms.ActiveCfg = Release_DLL|Win32
		{CCB592B8-1A0A-4FCD-AC9D-37EC64448BF8}.Win8 Release|Mixed Platforms.Build.0 = Release_DLL|Win32
		{CCB592B8-1A0A-4FCD-AC9D-37EC64448BF8}.Win8 Release|Win32.ActiveCfg = Release_DLL|Win32
		{CCB592B8-1A0A-4FCD-AC9D-37EC64448BF8}.Win8 Release|x64.ActiveCfg = Debug_DLL|x64
		{CCB592B8-1A0A-4FCD-AC9D-37EC64448BF8}.Win8.1 Debug|Mixed Platforms.ActiveCfg = Release_DLL|Win32
		{CCB592B8-1A0A-4FCD-AC9D-37EC64448BF8}.Win8.1 Debug|Mixed Platforms.Build.0 = Release_DLL|Win32
		{CCB592B8-1A0A-4FCD-AC9D-37EC64448BF8}.Win8.1 Debug|Win32.ActiveCfg = Release_DLL|Win32
		{CCB592B8-1A0A-4FCD-AC9D-37EC64448BF8}.Win8.1 Debug|x64.ActiveCfg = Debug_DLL|x64
		{CCB592B8-1A0A-4FCD-AC9D-37EC64448BF8}.Win8.1 Release|Mixed Platforms.ActiveCfg = Release_DLL|Win32
		{CCB592B8-1A0A-4FCD-AC9D-37EC64448BF8}.Win8.1 Release|Mixed Platforms.Build.0 = Release_DLL|Win32
		{CCB592B8-1A0A-4FCD-AC9D-37EC64448BF8}.Win8.1 Release|Win32.ActiveCfg = Release_DLL|Win32
		{CCB592B8-1A0A-4FCD-AC9D-37EC64448BF8}.Win8.1 Release|x64.ActiveCfg = Debug_DLL|x64
		{3917AFAC-2F19-4B3A-95A9-8A2C45CFBF14}.Debug_DLL|Mixed Platforms.ActiveCfg = Debug|Win32
		{3917AFAC-2F19-4B3A-95A9-8A2C45CFBF14}.Debug_DLL|Mixed Platforms.Build.0 = Debug|Win32
		{3917AFAC-2F19-4B3A-95A9-8A2C45CFBF14}.Debug_DLL|Win32.ActiveCfg = Debug|Win32
		{3917AFAC-2F19-4B3A-95A9-8A2C45CFBF14}.Debug_DLL|Win32.Build.0 = Debug|Win32
		{3917AFAC-2F19-4B3A-95A9-8A2C45CFBF14}.Debug_DLL|x64.ActiveCfg = Debug|x64
		{3917AFAC-2F19-4B3A-95A9-8A2C45CFBF14}.Debug|Mixed Platforms.ActiveCfg = Debug|Win32
		{3917AFAC-2F19-4B3A-95A9-8A2C45CFBF14}.Debug|Mixed Platforms.Build.0 = Debug|Win32
		{3917AFAC-2F19-4B3A-95A9-8A2C45CFBF14}.Debug|Win32.ActiveCfg = Debug|Win32
		{3917AFAC-2F19-4B3A-95A9-8A2C45CFBF14}.Debug|Win32.Build.0 = Debug|Win32
		{3917AFAC-2F19-4B3A-95A9-8A2C45CFBF14}.Debug|x64.ActiveCfg = Debug|x64
		{3917AFAC-2F19-4B3A-95A9-8A2C45CFBF14}.Debug|x64.Build.0 = Debug|x64
		{3917AFAC-2F19-4B3A-95A9-8A2C45CFBF14}.Release_DLL|Mixed Platforms.ActiveCfg = Release|Win32
		{3917AFAC-2F19-4B3A-95A9-8A2C45CFBF14}.Release_DLL|Mixed Platforms.Build.0 = Release|Win32
		{3917AFAC-2F19-4B3A-95A9-8A2C45CFBF14}.Release_DLL|Win32.ActiveCfg = Release|Win32
		{3917AFAC-2F19-4B3A-95A9-8A2C45CFBF14}.Release_DLL|Win32.Build.0 = Release|Win32
		{3917AFAC-2F19-4B3A-95A9-8A2C45CFBF14}.Release_DLL|x64.ActiveCfg = Release|x64
		{3917AFAC-2F19-4B3A-95A9-8A2C45CFBF14}.Release|Mixed Platforms.ActiveCfg = Release|Win32
		{3917AFAC-2F19-4B3A-95A9-8A2C45CFBF14}.Release|Mixed Platforms.Build.0 = Release|Win32
		{3917AFAC-2F19-4B3A-95A9-8A2C45CFBF14}.Release|Win32.ActiveCfg = Release|Win32
		{3917AFAC-2F19-4B3A-95A9-8A2C45CFBF14}.Release|Win32.Build.0 = Release|Win32
		{3917AFAC-2F19-4B3A-95A9-8A2C45CFBF14}.Release|x64.ActiveCfg = Release|x64
		{3917AFAC-2F19-4B3A-95A9-8A2C45CFBF14}.Release|x64.Build.0 = Release|x64
		{3917AFAC-2F19-4B3A-95A9-8A2C45CFBF14}.Win7 Debug|Mixed Platforms.ActiveCfg = Debug|Win32
		{3917AFAC-2F19-4B3A-95A9-8A2C45CFBF14}.Win7 Debug|Mixed Platforms.Build.0 = Debug|Win32
		{3917AFAC-2F19-4B3A-95A9-8A2C45CFBF14}.Win7 Debug|Win32.ActiveCfg = Debug|Win32
		{3917AFAC-2F19-4B3A-95A9-8A2C45CFBF14}.Win7 Debug|x64.ActiveCfg = Debug|Win32
		{3917AFAC-2F19-4B3A-95A9-8A2C45CFBF14}.Win7 Release|Mixed Platforms.ActiveCfg = Release|Win32
		{3917AFAC-2F19-4B3A-95A9-8A2C45CFBF14}.Win7 Release|Mixed Platforms.Build.0 = Release|Win32
		{3917AFAC-2F19-4B3A-95A9-8A2C45CFBF14}.Win7 Release|Win32.ActiveCfg = Release|Win32
		{3917AFAC-2F19-4B3A-95A9-8A2C45CFBF14}.Win7 Release|x64.ActiveCfg = Release|Win32
		{3917AFAC-2F19-4B3A-95A9-8A2C45CFBF14}.Win8 Debug|Mixed Platforms.ActiveCfg = Debug|Win32
		{3917AFAC-2F19-4B3A-95A9-8A2C45CFBF14}.Win8 Debug|Mixed Platforms.Build.0 = Debug|Win32
		{3917AFAC-2F19-4B3A-95A9-8A2C45CFBF14}.Win8 Debug|Win32.ActiveCfg = Debug|Win32
		{3917AFAC-2F19-4B3A-95A9-8A2C45CFBF14}.Win8 Debug|x64.ActiveCfg = Debug|x64
		{3917AFAC-2F19-4B3A-95A9-8A2C45CFBF14}.Win8 Release|Mixed Platforms.ActiveCfg = Release|Win32
		{3917AFAC-2F19-4B3A-95A9-8A2C45CFBF14}.Win8 Release|Mixed Platforms.Build.0 = Release|Win32
		{3917AFAC-2F19-4B3A-95A9-8A2C45CFBF14}.Win8 Release|Win32.ActiveCfg = Release|Win32
		{3917AFAC-2F19-4B3A-95A9-8A2C45CFBF14}.Win8 Release|x64.ActiveCfg = Release|x64
		{3917AFAC-2F19-4B3A-95A9-8A2C45CFBF14}.Win8.1 Debug|Mixed Platforms.ActiveCfg = Debug|Win32
		{3917AFAC-2F19-4B3A-95A9-8A2C45CFBF14}.Win8.1 Debug|Mixed Platforms.Build.0 = Debug|Win32
		{3917AFAC-2F19-4B3A-95A9-8A2C45CFBF14}.Win8.1 Debug|Win32.ActiveCfg = Debug|Win32
		{3917AFAC-2F19-4B3A-95A9-8A2C45CFBF14}.Win8.1 Debug|x64.ActiveCfg = Debug|x64
		{3917AFAC-2F19-4B3A-95A9-8A2C45CFBF14}.Win8.1 Release|Mixed Platforms.ActiveCfg = Release|Win32
		{3917AFAC-2F19-4B3A-95A9-8A2C45CFBF14}.Win8.1 Release|Mixed Platforms.Build.0 = Release|Win32
		{3917AFAC-2F19-4B3A-95A9-8A2C45CFBF14}.Win8.1 Release|Win32.ActiveCfg = Release|Win32
		{3917AFAC-2F19-4B3A-95A9-8A2C45CFBF14}.Win8.1 Release|x64.ActiveCfg = Release|x64
		{96E3FC78-F2C1-4367-BE12-4F88CFD2238B}.Debug_DLL|Mixed Platforms.ActiveCfg = Debug_DLL|Win32
		{96E3FC78-F2C1-4367-BE12-4F88CFD2238B}.Debug_DLL|Mixed Platforms.Build.0 = Debug_DLL|Win32
		{96E3FC78-F2C1-4367-BE12-4F88CFD2238B}.Debug_DLL|Win32.ActiveCfg = Debug_DLL|Win32
		{96E3FC78-F2C1-4367-BE12-4F88CFD2238B}.Debug_DLL|Win32.Build.0 = Debug_DLL|Win32
		{96E3FC78-F2C1-4367-BE12-4F88CFD2238B}.Debug_DLL|x64.ActiveCfg = Debug_DLL|x64
		{96E3FC78-F2C1-4367-BE12-4F88CFD2238B}.Debug_DLL|x64.Build.0 = Debug_DLL|x64
		{96E3FC78-F2C1-4367-BE12-4F88CFD2238B}.Debug|Mixed Platforms.ActiveCfg = Debug_DLL|Win32
		{96E3FC78-F2C1-4367-BE12-4F88CFD2238B}.Debug|Mixed Platforms.Build.0 = Debug_DLL|Win32
		{96E3FC78-F2C1-4367-BE12-4F88CFD2238B}.Debug|Win32.ActiveCfg = Debug_DLL|Win32
		{96E3FC78-F2C1-4367-BE12-4F88CFD2238B}.Debug|x64.ActiveCfg = Debug_DLL|x64
		{96E3FC78-F2C1-4367-BE12-4F88CFD2238B}.Release_DLL|Mixed Platforms.ActiveCfg = Release_DLL|Win32
		{96E3FC78-F2C1-4367-BE12-4F88CFD2238B}.Release_DLL|Mixed Platforms.Build.0 = Release_DLL|Win32
		{96E3FC78-F2C1-4367-BE12-4F88CFD2238B}.Release_DLL|Win32.ActiveCfg = Release_DLL|Win32
		{96E3FC78-F2C1-4367-BE12-4F88CFD2238B}.Release_DLL|Win32.Build.0 = Release_DLL|Win32
		{96E3FC78-F2C1-4367-BE12-4F88CFD2238B}.Release_DLL|x64.ActiveCfg = Release_DLL|x64
		{96E3FC78-F2C1-4367-BE12-4F88CFD2238B}.Release_DLL|x64.Build.0 = Release_DLL|x64
		{96E3FC78-F2C1-4367-BE12-4F88CFD2238B}.Release|Mixed Platforms.ActiveCfg = Release_DLL|Win32
		{96E3FC78-F2C1-4367-BE12-4F88CFD2238B}.Release|Mixed Platforms.Build.0 = Release_DLL|Win32
		{96E3FC78-F2C1-4367-BE12-4F88CFD2238B}.Release|Win32.ActiveCfg = Release_DLL|Win32
		{96E3FC78-F2C1-4367-BE12-4F88CFD2238B}.Release|x64.ActiveCfg = Release_DLL|x64
		{96E3FC78-F2C1-4367-BE12-4F88CFD2238B}.Release|x64.Build.0 = Release_DLL|x64
		{96E3FC78-F2C1-4367-BE12-4F88CFD2238B}.Win7 Debug|Mixed Platforms.ActiveCfg = Release_DLL|Win32
		{96E3FC78-F2C1-4367-BE12-4F88CFD2238B}.Win7 Debug|Mixed Platforms.Build.0 = Release_DLL|Win32
		{96E3FC78-F2C1-4367-BE12-4F88CFD2238B}.Win7 Debug|Win32.ActiveCfg = Release_DLL|Win32
		{96E3FC78-F2C1-4367-BE12-4F88CFD2238B}.Win7 Debug|Win32.Build.0 = Release_DLL|Win32
		{96E3FC78-F2C1-4367-BE12-4F88CFD2238B}.Win7 Debug|x64.ActiveCfg = Debug_DLL|x64
		{96E3FC78-F2C1-4367-BE12-4F88CFD2238B}.Win7 Debug|x64.Build.0 = Debug_DLL|x64
		{96E3FC78-F2C1-4367-BE12-4F88CFD2238B}.Win7 Release|Mixed Platforms.ActiveCfg = Release_DLL|Win32
		{96E3FC78-F2C1-4367-BE12-4F88CFD2238B}.Win7 Release|Mixed Platforms.Build.0 = Release_DLL|Win32
		{96E3FC78-F2C1-4367-BE12-4F88CFD2238B}.Win7 Release|Win32.ActiveCfg = Release_DLL|Win32
		{96E3FC78-F2C1-4367-BE12-4F88CFD2238B}.Win7 Release|Win32.Build.0 = Release_DLL|Win32
		{96E3FC78-F2C1-4367-BE12-4F88CFD2238B}.Win7 Release|x64.ActiveCfg = Debug_DLL|x64
		{96E3FC78-F2C1-4367-BE12-4F88CFD2238B}.Win7 Release|x64.Build.0 = Debug_DLL|x64
		{96E3FC78-F2C1-4367-BE12-4F88CFD2238B}.Win8 Debug|Mixed Platforms.ActiveCfg = Release_DLL|Win32
		{96E3FC78-F2C1-4367-BE12-4F88CFD2238B}.Win8 Debug|Mixed Platforms.Build.0 = Release_DLL|Win32
		{96E3FC78-F2C1-4367-BE12-4F88CFD2238B}.Win8 Debug|Win32.ActiveCfg = Release_DLL|Win32
		{96E3FC78-F2C1-4367-BE12-4F88CFD2238B}.Win8 Debug|Win32.Build.0 = Release_DLL|Win32
		{96E3FC78-F2C1-4367-BE12-4F88CFD2238B}.Win8 Debug|x64.ActiveCfg = Debug_DLL|x64
		{96E3FC78-F2C1-4367-BE12-4F88CFD2238B}.Win8 Debug|x64.Build.0 = Debug_DLL|x64
		{96E3FC78-F2C1-4367-BE12-4F88CFD2238B}.Win8 Release|Mixed Platforms.ActiveCfg = Release_DLL|Win32
		{96E3FC78-F2C1-4367-BE12-4F88CFD2238B}.Win8 Release|Mixed Platforms.Build.0 = Release_DLL|Win32
		{96E3FC78-F2C1-4367-BE12-4F88CFD2238B}.Win8 Release|Win32.ActiveCfg = Release_DLL|Win32
		{96E3FC78-F2C1-4367-BE12-4F88CFD2238B}.Win8 Release|Win32.Build.0 = Release_DLL|Win32
		{96E3FC78-F2C1-4367-BE12-4F88CFD2238B}.Win8 Release|x64.ActiveCfg = Debug_DLL|x64
		{96E3FC78-F2C1-4367-BE12-4F88CFD2238B}.Win8 Release|x64.Build.0 = Debug_DLL|x64
		{96E3FC78-F2C1-4367-BE12-4F88CFD2238B}.Win8.1 Debug|Mixed Platforms.ActiveCfg = Release_DLL|Win32
		{96E3FC78-F2C1-4367-BE12-4F88CFD2238B}.Win8.1 Debug|Mixed Platforms.Build.0 = Release_DLL|Win32
		{96E3FC78-F2C1-4367-BE12-4F88CFD2238B}.Win8.1 Debug|Win32.ActiveCfg = Release_DLL|Win32
		{96E3FC78-F2C1-4367-BE12-4F88CFD2238B}.Win8.1 Debug|Win32.Build.0 = Release_DLL|Win32
		{96E3FC78-F2C1-4367-BE12-4F88CFD2238B}.Win8.1 Debug|x64.ActiveCfg = Debug_DLL|x64
		{96E3FC78-F2C1-4367-BE12-4F88CFD2238B}.Win8.1 Debug|x64.Build.0 = Debug_DLL|x64
		{96E3FC78-F2C1-4367-BE12-4F88CFD2238B}.Win8.1 Release|Mixed Platforms.ActiveCfg = Release_DLL|Win32
		{96E3FC78-F2C1-4367-BE12-4F88CFD2238B}.Win8.1 Release|Mixed Platforms.Build.0 = Release_DLL|Win32
		{96E3FC78-F2C1-4367-BE12-4F88CFD2238B}.Win8.1 Release|Win32.ActiveCfg = Release_DLL|Win32
		{96E3FC78-F2C1-4367-BE12-4F88CFD2238B}.Win8.1 Release|Win32.Build.0 = Release_DLL|Win32
		{96E3FC78-F2C1-4367-BE12-4F88CFD2238B}.Win8.1 Release|x64.ActiveCfg = Debug_DLL|x64
		{96E3FC78-F2C1-4367-BE12-4F88CFD2238B}.Win8.1 Release|x64.Build.0 = Debug_DLL|x64
	EndGlobalSection
	GlobalSection(SolutionProperties) = preSolution
		HideSolutionNode = FALSE
	EndGlobalSection
	GlobalSection(NestedProjects) = preSolution
		{EE152025-CE8B-4099-89C4-C60CC1B7797C} = {980DE536-B130-41B8-A65B-F1DEDC466C43}
		{7D3197D4-C12C-4F8A-9F6C-9AE50A8BEE6C} = {980DE536-B130-41B8-A65B-F1DEDC466C43}
		{EB8648E4-E353-45CF-982E-02296B919104} = {EE152025-CE8B-4099-89C4-C60CC1B7797C}
		{F49BE6B7-3A5C-4BB6-9ACA-537A91C8740C} = {EE152025-CE8B-4099-89C4-C60CC1B7797C}
		{3A99A792-0D5E-41AD-9EBA-3AFFC3CE6956} = {EE152025-CE8B-4099-89C4-C60CC1B7797C}
		{EA71243B-5549-4F76-9D8B-547E36BE8BB4} = {00EEE413-B9A0-44E8-9AE8-8FD3EAC01E7D}
		{7B7BA55F-7F9E-4FE1-B0E3-E3AAB044E08F} = {17C49143-B3BF-492F-AA07-D08EBEE3756D}
		{41514692-FD16-4D5E-9E69-522D6D404276} = {17C49143-B3BF-492F-AA07-D08EBEE3756D}
		{6905EAFB-91CB-4CBC-BD00-EB7BF8F9386E} = {17C49143-B3BF-492F-AA07-D08EBEE3756D}
		{23A9F715-A58F-43E6-9EE1-D5DB2A54F017} = {17C49143-B3BF-492F-AA07-D08EBEE3756D}
		{81BED578-900A-47A0-9CBD-C7D07EBFF37C} = {17C49143-B3BF-492F-AA07-D08EBEE3756D}
		{DD5E6A78-6F66-4DC8-B886-1DE03865D0E7} = {17C49143-B3BF-492F-AA07-D08EBEE3756D}
		{195EC26E-8CB6-4654-A00E-FC084D9691A9} = {17C49143-B3BF-492F-AA07-D08EBEE3756D}
		{B31575E3-402F-4B1D-B5C5-6DB9F028DB12} = {41514692-FD16-4D5E-9E69-522D6D404276}
		{723C70DB-54E9-4DBA-BAFB-886F8454952D} = {41514692-FD16-4D5E-9E69-522D6D404276}
		{E55F4323-A895-451B-A07E-09892D2811B0} = {33984715-5376-4B51-BB1A-FBCC9BA6CEEE}
	EndGlobalSection
EndGlobal
