<?xml version="1.0" encoding="utf-8"?>
<Project ToolsVersion="4.0" xmlns="http://schemas.microsoft.com/developer/msbuild/2003">
  <ItemGroup>
    <Filter Include="Source Files">
      <UniqueIdentifier>{4FC737F1-C7A5-4376-A066-2A32D752A2FF}</UniqueIdentifier>
      <Extensions>cpp;c;cc;cxx;def;odl;idl;hpj;bat;asm;asmx</Extensions>
    </Filter>
    <Filter Include="Header Files">
      <UniqueIdentifier>{93995380-89BD-4b04-88EB-625FBE52EBFB}</UniqueIdentifier>
      <Extensions>h;hh;hpp;hxx;hm;inl;inc;xsd</Extensions>
    </Filter>
    <Filter Include="Resource Files">
      <UniqueIdentifier>{67DA6AB6-F800-4c08-8B7A-83BB121AAD01}</UniqueIdentifier>
      <Extensions>rc;ico;cur;bmp;dlg;rc2;rct;bin;rgs;gif;jpg;jpeg;jpe;resx;tiff;tif;png;wav;mfcribbon-ms</Extensions>
    </Filter>
    <Filter Include="Source Files\Windows">
      <UniqueIdentifier>{61702b25-c66c-4ccb-a626-ef47f7c0e3ef}</UniqueIdentifier>
    </Filter>
    <Filter Include="Tests">
      <UniqueIdentifier>{9869c52e-4f88-4601-808c-2b1bbe9f25f1}</UniqueIdentifier>
    </Filter>
    <Filter Include="Source Files\Linux">
      <UniqueIdentifier>{cebc8ac4-0699-491b-a126-7a41e651ac2b}</UniqueIdentifier>
    </Filter>
  </ItemGroup>
  <ItemGroup>
    <ClCompile Include="KmsLib_Test.cpp">
      <Filter>Source Files</Filter>
    </ClCompile>
    <ClCompile Include="Windows\RegistryKey.cpp">
      <Filter>Source Files\Windows</Filter>
    </ClCompile>
    <ClCompile Include="ToolBase.cpp">
      <Filter>Source Files</Filter>
    </ClCompile>
    <ClCompile Include="Windows\Service.cpp">
      <Filter>Source Files\Windows</Filter>
    </ClCompile>
    <ClCompile Include="Windows\SystemLog.cpp">
      <Filter>Source Files\Windows</Filter>
    </ClCompile>
    <ClCompile Include="DebugLog.cpp">
      <Filter>Source Files</Filter>
    </ClCompile>
    <ClCompile Include="Exception.cpp">
      <Filter>Source Files</Filter>
    </ClCompile>
    <ClCompile Include="RLE.cpp">
      <Filter>Source Files</Filter>
    </ClCompile>
    <ClCompile Include="Windows\ComPortHandle.cpp">
      <Filter>Source Files\Windows</Filter>
    </ClCompile>
    <ClCompile Include="Dump.cpp">
      <Filter>Source Files</Filter>
    </ClCompile>
    <ClCompile Include="MemTester.cpp">
      <Filter>Source Files</Filter>
    </ClCompile>
    <ClCompile Include="CmdLineParser.cpp">
      <Filter>Source Files</Filter>
    </ClCompile>
    <ClCompile Include="OpenCL.cpp">
      <Filter>Source Files</Filter>
    </ClCompile>
    <ClCompile Include="Ring.cpp">
      <Filter>Source Files</Filter>
    </ClCompile>
    <ClCompile Include="NetworkAddress.cpp">
      <Filter>Source Files</Filter>
    </ClCompile>
    <ClCompile Include="IgnoreList.cpp">
      <Filter>Source Files</Filter>
    </ClCompile>
    <ClCompile Include="Walker.cpp">
      <Filter>Source Files</Filter>
    </ClCompile>
    <ClCompile Include="Walker_Smart.cpp">
      <Filter>Source Files</Filter>
    </ClCompile>
    <ClCompile Include="Socket.cpp">
      <Filter>Source Files</Filter>
    </ClCompile>
    <ClCompile Include="Linux\Linux_Windows.cpp">
      <Filter>Source Files\Linux</Filter>
    </ClCompile>
    <ClCompile Include="Windows\Windows_Windows.cpp">
      <Filter>Source Files\Windows</Filter>
    </ClCompile>
    <ClCompile Include="TextFileEditor.cpp">
      <Filter>Source Files</Filter>
    </ClCompile>
    <ClCompile Include="File.cpp">
      <Filter>Source Files</Filter>
    </ClCompile>
    <ClCompile Include="String.cpp">
      <Filter>Source Files</Filter>
    </ClCompile>
    <ClCompile Include="TextFile.cpp">
      <Filter>Source Files</Filter>
    </ClCompile>
    <ClCompile Include="ValueVector.cpp">
      <Filter>Source Files</Filter>
    </ClCompile>
    <ClCompile Include="DriverHandle.cpp">
      <Filter>Source Files</Filter>
    </ClCompile>
    <ClCompile Include="FileHandle.cpp">
      <Filter>Source Files</Filter>
    </ClCompile>
    <ClCompile Include="ThreadBase.cpp">
      <Filter>Source Files</Filter>
    </ClCompile>
  </ItemGroup>
  <ItemGroup>
    <ResourceCompile Include="..\Common\Version.rc">
      <Filter>Resource Files</Filter>
    </ResourceCompile>
    <ResourceCompile Include="Messages.rc">
      <Filter>Resource Files</Filter>
    </ResourceCompile>
  </ItemGroup>
  <ItemGroup>
    <None Include="Messages.mc">
      <Filter>Resource Files</Filter>
    </None>
    <None Include=".gitignore" />
    <None Include="Tests\.gitignore">
      <Filter>Tests</Filter>
    </None>
  </ItemGroup>
  <ItemGroup>
    <Text Include="Tests\ToolBase0.txt">
      <Filter>Tests</Filter>
    </Text>
    <Text Include="Tests\ToolBase1.txt">
      <Filter>Tests</Filter>
    </Text>
    <Text Include="Tests\TextFileEditor.txt">
      <Filter>Tests</Filter>
    </Text>
    <Text Include="Tests\FileA.txt">
      <Filter>Tests</Filter>
    </Text>
    <Text Include="Tests\FileB.txt">
      <Filter>Tests</Filter>
    </Text>
    <Text Include="Tests\FileC.txt">
      <Filter>Tests</Filter>
    </Text>
  </ItemGroup>
</Project>