<?xml version="1.0" encoding="utf-8"?>
<Project ToolsVersion="4.0" xmlns="http://schemas.microsoft.com/developer/msbuild/2003">
  <ItemGroup>
    <Filter Include="Source Files">
      <UniqueIdentifier>{4FC737F1-C7A5-4376-A066-2A32D752A2FF}</UniqueIdentifier>
      <Extensions>cpp;c;cc;cxx;def;odl;idl;hpj;bat;asm;asmx</Extensions>
    </Filter>
    <Filter Include="Header Files">
      <UniqueIdentifier>{93995380-89BD-4b04-88EB-625FBE52EBFB}</UniqueIdentifier>
      <Extensions>h;hh;hpp;hxx;hm;inl;inc;xsd</Extensions>
    </Filter>
    <Filter Include="Resource Files">
      <UniqueIdentifier>{67DA6AB6-F800-4c08-8B7A-83BB121AAD01}</UniqueIdentifier>
      <Extensions>rc;ico;cur;bmp;dlg;rc2;rct;bin;rgs;gif;jpg;jpeg;jpe;resx;tiff;tif;png;wav;mfcribbon-ms</Extensions>
    </Filter>
    <Filter Include="Source Files\Windows">
      <UniqueIdentifier>{d39a9102-2a29-4baa-b7c5-f32e563da65c}</UniqueIdentifier>
    </Filter>
    <Filter Include="_DocDev">
      <UniqueIdentifier>{00912c96-f484-402e-94a1-2d63f7cfde58}</UniqueIdentifier>
    </Filter>
    <Filter Include="Source Files\OpenCL">
      <UniqueIdentifier>{60034ece-384e-47c6-8841-f19ee6e94887}</UniqueIdentifier>
    </Filter>
    <Filter Include="_DocUser">
      <UniqueIdentifier>{4bcc1ca6-7f15-44a2-9867-663d6cb70d3f}</UniqueIdentifier>
    </Filter>
  </ItemGroup>
  <ItemGroup>
    <ClCompile Include="Windows\RegistryKey.cpp">
      <Filter>Source Files\Windows</Filter>
    </ClCompile>
    <ClCompile Include="Windows\Windows.cpp">
      <Filter>Source Files\Windows</Filter>
    </ClCompile>
    <ClCompile Include="KmsLib.cpp">
      <Filter>Source Files</Filter>
    </ClCompile>
    <ClCompile Include="Exception.cpp">
      <Filter>Source Files</Filter>
    </ClCompile>
    <ClCompile Include="ToolBase.cpp">
      <Filter>Source Files</Filter>
    </ClCompile>
    <ClCompile Include="Dump.cpp">
      <Filter>Source Files</Filter>
    </ClCompile>
    <ClCompile Include="Windows\Service.cpp">
      <Filter>Source Files\Windows</Filter>
    </ClCompile>
    <ClCompile Include="Windows\SystemLog.cpp">
      <Filter>Source Files\Windows</Filter>
    </ClCompile>
    <ClCompile Include="DebugLog.cpp">
      <Filter>Source Files</Filter>
    </ClCompile>
    <ClCompile Include="RLE.cpp">
      <Filter>Source Files</Filter>
    </ClCompile>
    <ClCompile Include="Windows\ComPortHandle.cpp">
      <Filter>Source Files\Windows</Filter>
    </ClCompile>
    <ClCompile Include="MemTester.cpp">
      <Filter>Source Files</Filter>
    </ClCompile>
    <ClCompile Include="CmdLineParser.cpp">
      <Filter>Source Files</Filter>
    </ClCompile>
    <ClCompile Include="OpenCL\Buffer.cpp">
      <Filter>Source Files\OpenCL</Filter>
    </ClCompile>
    <ClCompile Include="OpenCL\CommandQueue.cpp">
      <Filter>Source Files\OpenCL</Filter>
    </ClCompile>
    <ClCompile Include="OpenCL\Context.cpp">
      <Filter>Source Files\OpenCL</Filter>
    </ClCompile>
    <ClCompile Include="OpenCL\Kernel.cpp">
      <Filter>Source Files\OpenCL</Filter>
    </ClCompile>
    <ClCompile Include="OpenCL\Program.cpp">
      <Filter>Source Files\OpenCL</Filter>
    </ClCompile>
    <ClCompile Include="NetworkAddress.cpp">
      <Filter>Source Files</Filter>
    </ClCompile>
    <ClCompile Include="IgnoreList.cpp">
      <Filter>Source Files</Filter>
    </ClCompile>
    <ClCompile Include="Walker.cpp">
      <Filter>Source Files</Filter>
    </ClCompile>
    <ClCompile Include="Walker_Smart.cpp">
      <Filter>Source Files</Filter>
    </ClCompile>
    <ClCompile Include="Socket.cpp">
      <Filter>Source Files</Filter>
    </ClCompile>
    <ClCompile Include="TextFileEditor.cpp">
      <Filter>Source Files</Filter>
    </ClCompile>
    <ClCompile Include="String.cpp">
      <Filter>Source Files</Filter>
    </ClCompile>
    <ClCompile Include="File.cpp">
      <Filter>Source Files</Filter>
    </ClCompile>
    <ClCompile Include="TextFile.cpp">
      <Filter>Source Files</Filter>
    </ClCompile>
    <ClCompile Include="ValueVector.cpp">
      <Filter>Source Files</Filter>
    </ClCompile>
    <ClCompile Include="DriverHandle.cpp">
      <Filter>Source Files</Filter>
    </ClCompile>
    <ClCompile Include="FileHandle.cpp">
      <Filter>Source Files</Filter>
    </ClCompile>
    <ClCompile Include="ThreadBase.cpp">
      <Filter>Source Files</Filter>
    </ClCompile>
  </ItemGroup>
  <ItemGroup>
    <None Include="_DocDev\.gitignore">
      <Filter>_DocDev</Filter>
    </None>
  </ItemGroup>
  <ItemGroup>
    <Text Include="_DocDev\Requirements.txt">
      <Filter>_DocDev</Filter>
    </Text>
    <Text Include="_DocUser\KmsBase.KmsLib.ReadMe.txt">
      <Filter>_DocUser</Filter>
    </Text>
  </ItemGroup>
  <ItemGroup>
    <ClInclude Include="Component.h">
      <Filter>Header Files</Filter>
    </ClInclude>
  </ItemGroup>
</Project>